// !$*UTF8*$!
{
	archiveVersion = 1;
	classes = {
	};
	objectVersion = 52;
	objects = {

/* Begin PBXBuildFile section */
		4A84DA3025D299A400C57241 /* AppDelegate.swift in Sources */ = {isa = PBXBuildFile; fileRef = 4A84DA2F25D299A400C57241 /* AppDelegate.swift */; };
		4A84DA3225D299A400C57241 /* SceneDelegate.swift in Sources */ = {isa = PBXBuildFile; fileRef = 4A84DA3125D299A400C57241 /* SceneDelegate.swift */; };
		4A84DA3925D299A400C57241 /* Assets.xcassets in Resources */ = {isa = PBXBuildFile; fileRef = 4A84DA3825D299A400C57241 /* Assets.xcassets */; };
		4A84DA3C25D299A400C57241 /* LaunchScreen.storyboard in Resources */ = {isa = PBXBuildFile; fileRef = 4A84DA3A25D299A400C57241 /* LaunchScreen.storyboard */; };
		4A84DA4725D299A400C57241 /* GBShopTests.swift in Sources */ = {isa = PBXBuildFile; fileRef = 4A84DA4625D299A400C57241 /* GBShopTests.swift */; };
		4A84DA5225D299A400C57241 /* GBShopUITests.swift in Sources */ = {isa = PBXBuildFile; fileRef = 4A84DA5125D299A400C57241 /* GBShopUITests.swift */; };
		4AC3264625D7DB820023702A /* Alamofire in Frameworks */ = {isa = PBXBuildFile; productRef = 4AC3264525D7DB820023702A /* Alamofire */; };
		4AC3264C25D7DF8C0023702A /* AbstractErrorParser.swift in Sources */ = {isa = PBXBuildFile; fileRef = 4AC3264B25D7DF8C0023702A /* AbstractErrorParser.swift */; };
		4AC3265125D7DFEC0023702A /* ErrorParser.swift in Sources */ = {isa = PBXBuildFile; fileRef = 4AC3265025D7DFEC0023702A /* ErrorParser.swift */; };
		4AC3265725D7E0240023702A /* DataRequest.swift in Sources */ = {isa = PBXBuildFile; fileRef = 4AC3265625D7E0240023702A /* DataRequest.swift */; };
		4AC3265F25D7E34D0023702A /* RequestRouter.swift in Sources */ = {isa = PBXBuildFile; fileRef = 4AC3265E25D7E34D0023702A /* RequestRouter.swift */; };
		4AC3266425D7E3C60023702A /* LoginResult.swift in Sources */ = {isa = PBXBuildFile; fileRef = 4AC3266325D7E3C60023702A /* LoginResult.swift */; };
		4AC3266925D7E3D10023702A /* User.swift in Sources */ = {isa = PBXBuildFile; fileRef = 4AC3266825D7E3D10023702A /* User.swift */; };
		4AC3266F25D7E4790023702A /* AuthRequestFactory.swift in Sources */ = {isa = PBXBuildFile; fileRef = 4AC3266E25D7E4790023702A /* AuthRequestFactory.swift */; };
		4AC3267425D7E49F0023702A /* Auth.swift in Sources */ = {isa = PBXBuildFile; fileRef = 4AC3267325D7E49F0023702A /* Auth.swift */; };
		4AC3267925D7E5110023702A /* RequestFactory.swift in Sources */ = {isa = PBXBuildFile; fileRef = 4AC3267825D7E5110023702A /* RequestFactory.swift */; };
		4AC3267E25D7E6560023702A /* AbstractRequestFactory.swift in Sources */ = {isa = PBXBuildFile; fileRef = 4AC3267D25D7E6560023702A /* AbstractRequestFactory.swift */; };
		4AC3268325D7F5B80023702A /* RegistrationResult.swift in Sources */ = {isa = PBXBuildFile; fileRef = 4AC3268225D7F5B80023702A /* RegistrationResult.swift */; };
		4AC3268825D7F62B0023702A /* Registration.swift in Sources */ = {isa = PBXBuildFile; fileRef = 4AC3268725D7F62B0023702A /* Registration.swift */; };
		4AC3268D25D7F6520023702A /* RegistrationRequestFactory.swift in Sources */ = {isa = PBXBuildFile; fileRef = 4AC3268C25D7F6520023702A /* RegistrationRequestFactory.swift */; };
		4AC3269E25D8085B0023702A /* ChangeUserData.swift in Sources */ = {isa = PBXBuildFile; fileRef = 4AC3269D25D8085B0023702A /* ChangeUserData.swift */; };
		4AC326A625D8087E0023702A /* ChangeUserDataRequestFactory.swift in Sources */ = {isa = PBXBuildFile; fileRef = 4AC326A525D8087E0023702A /* ChangeUserDataRequestFactory.swift */; };
		4AC326AC25D808AB0023702A /* ChangeUserDataResult.swift in Sources */ = {isa = PBXBuildFile; fileRef = 4AC326AB25D808AB0023702A /* ChangeUserDataResult.swift */; };
		4AC326B425D80C700023702A /* LogoutResult.swift in Sources */ = {isa = PBXBuildFile; fileRef = 4AC326B325D80C700023702A /* LogoutResult.swift */; };
		4AC326D825D820430023702A /* LogoutRequestFactory.swift in Sources */ = {isa = PBXBuildFile; fileRef = 4AC326D725D820430023702A /* LogoutRequestFactory.swift */; };
		4AC326DD25D8205F0023702A /* Logout.swift in Sources */ = {isa = PBXBuildFile; fileRef = 4AC326DC25D8205F0023702A /* Logout.swift */; };
/* End PBXBuildFile section */

/* Begin PBXContainerItemProxy section */
		4A84DA4325D299A400C57241 /* PBXContainerItemProxy */ = {
			isa = PBXContainerItemProxy;
			containerPortal = 4A84DA2425D299A400C57241 /* Project object */;
			proxyType = 1;
			remoteGlobalIDString = 4A84DA2B25D299A400C57241;
			remoteInfo = GBShop;
		};
		4A84DA4E25D299A400C57241 /* PBXContainerItemProxy */ = {
			isa = PBXContainerItemProxy;
			containerPortal = 4A84DA2425D299A400C57241 /* Project object */;
			proxyType = 1;
			remoteGlobalIDString = 4A84DA2B25D299A400C57241;
			remoteInfo = GBShop;
		};
/* End PBXContainerItemProxy section */

/* Begin PBXFileReference section */
		4A84DA2C25D299A400C57241 /* GBShop.app */ = {isa = PBXFileReference; explicitFileType = wrapper.application; includeInIndex = 0; path = GBShop.app; sourceTree = BUILT_PRODUCTS_DIR; };
		4A84DA2F25D299A400C57241 /* AppDelegate.swift */ = {isa = PBXFileReference; lastKnownFileType = sourcecode.swift; path = AppDelegate.swift; sourceTree = "<group>"; };
		4A84DA3125D299A400C57241 /* SceneDelegate.swift */ = {isa = PBXFileReference; lastKnownFileType = sourcecode.swift; path = SceneDelegate.swift; sourceTree = "<group>"; };
		4A84DA3825D299A400C57241 /* Assets.xcassets */ = {isa = PBXFileReference; lastKnownFileType = folder.assetcatalog; path = Assets.xcassets; sourceTree = "<group>"; };
		4A84DA3B25D299A400C57241 /* Base */ = {isa = PBXFileReference; lastKnownFileType = file.storyboard; name = Base; path = Base.lproj/LaunchScreen.storyboard; sourceTree = "<group>"; };
		4A84DA3D25D299A400C57241 /* Info.plist */ = {isa = PBXFileReference; lastKnownFileType = text.plist.xml; path = Info.plist; sourceTree = "<group>"; };
		4A84DA4225D299A400C57241 /* GBShopTests.xctest */ = {isa = PBXFileReference; explicitFileType = wrapper.cfbundle; includeInIndex = 0; path = GBShopTests.xctest; sourceTree = BUILT_PRODUCTS_DIR; };
		4A84DA4625D299A400C57241 /* GBShopTests.swift */ = {isa = PBXFileReference; lastKnownFileType = sourcecode.swift; path = GBShopTests.swift; sourceTree = "<group>"; };
		4A84DA4825D299A400C57241 /* Info.plist */ = {isa = PBXFileReference; lastKnownFileType = text.plist.xml; path = Info.plist; sourceTree = "<group>"; };
		4A84DA4D25D299A400C57241 /* GBShopUITests.xctest */ = {isa = PBXFileReference; explicitFileType = wrapper.cfbundle; includeInIndex = 0; path = GBShopUITests.xctest; sourceTree = BUILT_PRODUCTS_DIR; };
		4A84DA5125D299A400C57241 /* GBShopUITests.swift */ = {isa = PBXFileReference; lastKnownFileType = sourcecode.swift; path = GBShopUITests.swift; sourceTree = "<group>"; };
		4A84DA5325D299A400C57241 /* Info.plist */ = {isa = PBXFileReference; lastKnownFileType = text.plist.xml; path = Info.plist; sourceTree = "<group>"; };
		4AC3264B25D7DF8C0023702A /* AbstractErrorParser.swift */ = {isa = PBXFileReference; lastKnownFileType = sourcecode.swift; path = AbstractErrorParser.swift; sourceTree = "<group>"; };
		4AC3265025D7DFEC0023702A /* ErrorParser.swift */ = {isa = PBXFileReference; lastKnownFileType = sourcecode.swift; path = ErrorParser.swift; sourceTree = "<group>"; };
		4AC3265625D7E0240023702A /* DataRequest.swift */ = {isa = PBXFileReference; lastKnownFileType = sourcecode.swift; path = DataRequest.swift; sourceTree = "<group>"; };
		4AC3265E25D7E34D0023702A /* RequestRouter.swift */ = {isa = PBXFileReference; lastKnownFileType = sourcecode.swift; path = RequestRouter.swift; sourceTree = "<group>"; };
		4AC3266325D7E3C60023702A /* LoginResult.swift */ = {isa = PBXFileReference; lastKnownFileType = sourcecode.swift; path = LoginResult.swift; sourceTree = "<group>"; };
		4AC3266825D7E3D10023702A /* User.swift */ = {isa = PBXFileReference; lastKnownFileType = sourcecode.swift; path = User.swift; sourceTree = "<group>"; };
		4AC3266E25D7E4790023702A /* AuthRequestFactory.swift */ = {isa = PBXFileReference; lastKnownFileType = sourcecode.swift; path = AuthRequestFactory.swift; sourceTree = "<group>"; };
		4AC3267325D7E49F0023702A /* Auth.swift */ = {isa = PBXFileReference; lastKnownFileType = sourcecode.swift; path = Auth.swift; sourceTree = "<group>"; };
		4AC3267825D7E5110023702A /* RequestFactory.swift */ = {isa = PBXFileReference; lastKnownFileType = sourcecode.swift; path = RequestFactory.swift; sourceTree = "<group>"; };
		4AC3267D25D7E6560023702A /* AbstractRequestFactory.swift */ = {isa = PBXFileReference; lastKnownFileType = sourcecode.swift; path = AbstractRequestFactory.swift; sourceTree = "<group>"; };
		4AC3268225D7F5B80023702A /* RegistrationResult.swift */ = {isa = PBXFileReference; lastKnownFileType = sourcecode.swift; path = RegistrationResult.swift; sourceTree = "<group>"; };
		4AC3268725D7F62B0023702A /* Registration.swift */ = {isa = PBXFileReference; lastKnownFileType = sourcecode.swift; path = Registration.swift; sourceTree = "<group>"; };
		4AC3268C25D7F6520023702A /* RegistrationRequestFactory.swift */ = {isa = PBXFileReference; lastKnownFileType = sourcecode.swift; path = RegistrationRequestFactory.swift; sourceTree = "<group>"; };
		4AC3269D25D8085B0023702A /* ChangeUserData.swift */ = {isa = PBXFileReference; lastKnownFileType = sourcecode.swift; path = ChangeUserData.swift; sourceTree = "<group>"; };
		4AC326A525D8087E0023702A /* ChangeUserDataRequestFactory.swift */ = {isa = PBXFileReference; lastKnownFileType = sourcecode.swift; path = ChangeUserDataRequestFactory.swift; sourceTree = "<group>"; };
		4AC326AB25D808AB0023702A /* ChangeUserDataResult.swift */ = {isa = PBXFileReference; lastKnownFileType = sourcecode.swift; path = ChangeUserDataResult.swift; sourceTree = "<group>"; };
		4AC326B325D80C700023702A /* LogoutResult.swift */ = {isa = PBXFileReference; lastKnownFileType = sourcecode.swift; path = LogoutResult.swift; sourceTree = "<group>"; };
		4AC326D725D820430023702A /* LogoutRequestFactory.swift */ = {isa = PBXFileReference; lastKnownFileType = sourcecode.swift; path = LogoutRequestFactory.swift; sourceTree = "<group>"; };
		4AC326DC25D8205F0023702A /* Logout.swift */ = {isa = PBXFileReference; lastKnownFileType = sourcecode.swift; path = Logout.swift; sourceTree = "<group>"; };
/* End PBXFileReference section */

/* Begin PBXFrameworksBuildPhase section */
		4A84DA2925D299A400C57241 /* Frameworks */ = {
			isa = PBXFrameworksBuildPhase;
			buildActionMask = 2147483647;
			files = (
				4AC3264625D7DB820023702A /* Alamofire in Frameworks */,
			);
			runOnlyForDeploymentPostprocessing = 0;
		};
		4A84DA3F25D299A400C57241 /* Frameworks */ = {
			isa = PBXFrameworksBuildPhase;
			buildActionMask = 2147483647;
			files = (
			);
			runOnlyForDeploymentPostprocessing = 0;
		};
		4A84DA4A25D299A400C57241 /* Frameworks */ = {
			isa = PBXFrameworksBuildPhase;
			buildActionMask = 2147483647;
			files = (
			);
			runOnlyForDeploymentPostprocessing = 0;
		};
/* End PBXFrameworksBuildPhase section */

/* Begin PBXGroup section */
		4A6535E925D2A55D003A7674 /* App */ = {
			isa = PBXGroup;
			children = (
				4A84DA2F25D299A400C57241 /* AppDelegate.swift */,
				4A84DA3125D299A400C57241 /* SceneDelegate.swift */,
				4A6535ED25D2A59A003A7674 /* Flows */,
				4A6535EA25D2A57B003A7674 /* BusinessLogic */,
				4A6535EC25D2A58E003A7674 /* Assembly */,
				4A6535EB25D2A57F003A7674 /* Entity */,
			);
			path = App;
			sourceTree = "<group>";
		};
		4A6535EA25D2A57B003A7674 /* BusinessLogic */ = {
			isa = PBXGroup;
			children = (
				4AC3266D25D7E43A0023702A /* Network */,
			);
			path = BusinessLogic;
			sourceTree = "<group>";
		};
		4A6535EB25D2A57F003A7674 /* Entity */ = {
			isa = PBXGroup;
			children = (
				4AC3266325D7E3C60023702A /* LoginResult.swift */,
				4AC326B325D80C700023702A /* LogoutResult.swift */,
				4AC3266825D7E3D10023702A /* User.swift */,
				4AC3268225D7F5B80023702A /* RegistrationResult.swift */,
				4AC326AB25D808AB0023702A /* ChangeUserDataResult.swift */,
			);
			path = Entity;
			sourceTree = "<group>";
		};
		4A6535EC25D2A58E003A7674 /* Assembly */ = {
			isa = PBXGroup;
			children = (
			);
			path = Assembly;
			sourceTree = "<group>";
		};
		4A6535ED25D2A59A003A7674 /* Flows */ = {
			isa = PBXGroup;
			children = (
			);
			path = Flows;
			sourceTree = "<group>";
		};
		4A6535EE25D2A59D003A7674 /* Core */ = {
			isa = PBXGroup;
			children = (
				4AC3264A25D7DF4D0023702A /* Network */,
			);
			path = Core;
			sourceTree = "<group>";
		};
		4A6535EF25D2A5AD003A7674 /* Resources */ = {
			isa = PBXGroup;
			children = (
				4A84DA3825D299A400C57241 /* Assets.xcassets */,
				4A84DA3A25D299A400C57241 /* LaunchScreen.storyboard */,
			);
			path = Resources;
			sourceTree = "<group>";
		};
		4A6535F025D2A5B5003A7674 /* Environments */ = {
			isa = PBXGroup;
			children = (
				4A84DA3D25D299A400C57241 /* Info.plist */,
			);
			path = Environments;
			sourceTree = "<group>";
		};
		4A84DA2325D299A400C57241 = {
			isa = PBXGroup;
			children = (
				4A84DA2E25D299A400C57241 /* GBShop */,
				4A84DA4525D299A400C57241 /* GBShopTests */,
				4A84DA5025D299A400C57241 /* GBShopUITests */,
				4A84DA2D25D299A400C57241 /* Products */,
			);
			sourceTree = "<group>";
		};
		4A84DA2D25D299A400C57241 /* Products */ = {
			isa = PBXGroup;
			children = (
				4A84DA2C25D299A400C57241 /* GBShop.app */,
				4A84DA4225D299A400C57241 /* GBShopTests.xctest */,
				4A84DA4D25D299A400C57241 /* GBShopUITests.xctest */,
			);
			name = Products;
			sourceTree = "<group>";
		};
		4A84DA2E25D299A400C57241 /* GBShop */ = {
			isa = PBXGroup;
			children = (
				4A6535E925D2A55D003A7674 /* App */,
				4A6535F025D2A5B5003A7674 /* Environments */,
				4A6535EF25D2A5AD003A7674 /* Resources */,
				4A6535EE25D2A59D003A7674 /* Core */,
			);
			path = GBShop;
			sourceTree = "<group>";
		};
		4A84DA4525D299A400C57241 /* GBShopTests */ = {
			isa = PBXGroup;
			children = (
				4A84DA4625D299A400C57241 /* GBShopTests.swift */,
				4A84DA4825D299A400C57241 /* Info.plist */,
			);
			path = GBShopTests;
			sourceTree = "<group>";
		};
		4A84DA5025D299A400C57241 /* GBShopUITests */ = {
			isa = PBXGroup;
			children = (
				4A84DA5125D299A400C57241 /* GBShopUITests.swift */,
				4A84DA5325D299A400C57241 /* Info.plist */,
			);
			path = GBShopUITests;
			sourceTree = "<group>";
		};
		4AB0351B25DAE64000BD2992 /* Auth */ = {
			isa = PBXGroup;
			children = (
				4AC3267325D7E49F0023702A /* Auth.swift */,
				4AC3266E25D7E4790023702A /* AuthRequestFactory.swift */,
			);
			path = Auth;
			sourceTree = "<group>";
		};
		4AB0351C25DAE64F00BD2992 /* Registration */ = {
			isa = PBXGroup;
			children = (
				4AC3268725D7F62B0023702A /* Registration.swift */,
				4AC3268C25D7F6520023702A /* RegistrationRequestFactory.swift */,
			);
			path = Registration;
			sourceTree = "<group>";
		};
		4AB0351D25DAE69600BD2992 /* ChangeUserData */ = {
			isa = PBXGroup;
			children = (
				4AC3269D25D8085B0023702A /* ChangeUserData.swift */,
				4AC326A525D8087E0023702A /* ChangeUserDataRequestFactory.swift */,
			);
			path = ChangeUserData;
			sourceTree = "<group>";
		};
		4AB0351E25DAE6B200BD2992 /* Logout */ = {
			isa = PBXGroup;
			children = (
				4AC326DC25D8205F0023702A /* Logout.swift */,
				4AC326D725D820430023702A /* LogoutRequestFactory.swift */,
			);
			path = Logout;
			sourceTree = "<group>";
		};
		4AC3264A25D7DF4D0023702A /* Network */ = {
			isa = PBXGroup;
			children = (
				4AC3264B25D7DF8C0023702A /* AbstractErrorParser.swift */,
				4AC3265025D7DFEC0023702A /* ErrorParser.swift */,
				4AC3265625D7E0240023702A /* DataRequest.swift */,
				4AC3265E25D7E34D0023702A /* RequestRouter.swift */,
				4AC3267D25D7E6560023702A /* AbstractRequestFactory.swift */,
			);
			path = Network;
			sourceTree = "<group>";
		};
		4AC3266D25D7E43A0023702A /* Network */ = {
			isa = PBXGroup;
			children = (
				4AB0351E25DAE6B200BD2992 /* Logout */,
				4AB0351D25DAE69600BD2992 /* ChangeUserData */,
				4AB0351C25DAE64F00BD2992 /* Registration */,
				4AB0351B25DAE64000BD2992 /* Auth */,
				4AC3267825D7E5110023702A /* RequestFactory.swift */,
			);
			path = Network;
			sourceTree = "<group>";
		};
/* End PBXGroup section */

/* Begin PBXNativeTarget section */
		4A84DA2B25D299A400C57241 /* GBShop */ = {
			isa = PBXNativeTarget;
			buildConfigurationList = 4A84DA5625D299A400C57241 /* Build configuration list for PBXNativeTarget "GBShop" */;
			buildPhases = (
				4A84DA2825D299A400C57241 /* Sources */,
				4A84DA2925D299A400C57241 /* Frameworks */,
				4A84DA2A25D299A400C57241 /* Resources */,
			);
			buildRules = (
			);
			dependencies = (
			);
			name = GBShop;
			packageProductDependencies = (
				4AC3264525D7DB820023702A /* Alamofire */,
			);
			productName = GBShop;
			productReference = 4A84DA2C25D299A400C57241 /* GBShop.app */;
			productType = "com.apple.product-type.application";
		};
		4A84DA4125D299A400C57241 /* GBShopTests */ = {
			isa = PBXNativeTarget;
			buildConfigurationList = 4A84DA5925D299A400C57241 /* Build configuration list for PBXNativeTarget "GBShopTests" */;
			buildPhases = (
				4A84DA3E25D299A400C57241 /* Sources */,
				4A84DA3F25D299A400C57241 /* Frameworks */,
				4A84DA4025D299A400C57241 /* Resources */,
			);
			buildRules = (
			);
			dependencies = (
				4A84DA4425D299A400C57241 /* PBXTargetDependency */,
			);
			name = GBShopTests;
			productName = GBShopTests;
			productReference = 4A84DA4225D299A400C57241 /* GBShopTests.xctest */;
			productType = "com.apple.product-type.bundle.unit-test";
		};
		4A84DA4C25D299A400C57241 /* GBShopUITests */ = {
			isa = PBXNativeTarget;
			buildConfigurationList = 4A84DA5C25D299A400C57241 /* Build configuration list for PBXNativeTarget "GBShopUITests" */;
			buildPhases = (
				4A84DA4925D299A400C57241 /* Sources */,
				4A84DA4A25D299A400C57241 /* Frameworks */,
				4A84DA4B25D299A400C57241 /* Resources */,
			);
			buildRules = (
			);
			dependencies = (
				4A84DA4F25D299A400C57241 /* PBXTargetDependency */,
			);
			name = GBShopUITests;
			productName = GBShopUITests;
			productReference = 4A84DA4D25D299A400C57241 /* GBShopUITests.xctest */;
			productType = "com.apple.product-type.bundle.ui-testing";
		};
/* End PBXNativeTarget section */

/* Begin PBXProject section */
		4A84DA2425D299A400C57241 /* Project object */ = {
			isa = PBXProject;
			attributes = {
				LastSwiftUpdateCheck = 1240;
				LastUpgradeCheck = 1240;
				TargetAttributes = {
					4A84DA2B25D299A400C57241 = {
						CreatedOnToolsVersion = 12.4;
					};
					4A84DA4125D299A400C57241 = {
						CreatedOnToolsVersion = 12.4;
						TestTargetID = 4A84DA2B25D299A400C57241;
					};
					4A84DA4C25D299A400C57241 = {
						CreatedOnToolsVersion = 12.4;
						TestTargetID = 4A84DA2B25D299A400C57241;
					};
				};
			};
			buildConfigurationList = 4A84DA2725D299A400C57241 /* Build configuration list for PBXProject "GBShop" */;
			compatibilityVersion = "Xcode 9.3";
			developmentRegion = en;
			hasScannedForEncodings = 0;
			knownRegions = (
				en,
				Base,
			);
			mainGroup = 4A84DA2325D299A400C57241;
			packageReferences = (
				4AC3264425D7DB820023702A /* XCRemoteSwiftPackageReference "Alamofire" */,
			);
			productRefGroup = 4A84DA2D25D299A400C57241 /* Products */;
			projectDirPath = "";
			projectRoot = "";
			targets = (
				4A84DA2B25D299A400C57241 /* GBShop */,
				4A84DA4125D299A400C57241 /* GBShopTests */,
				4A84DA4C25D299A400C57241 /* GBShopUITests */,
			);
		};
/* End PBXProject section */

/* Begin PBXResourcesBuildPhase section */
		4A84DA2A25D299A400C57241 /* Resources */ = {
			isa = PBXResourcesBuildPhase;
			buildActionMask = 2147483647;
			files = (
				4A84DA3C25D299A400C57241 /* LaunchScreen.storyboard in Resources */,
				4A84DA3925D299A400C57241 /* Assets.xcassets in Resources */,
			);
			runOnlyForDeploymentPostprocessing = 0;
		};
		4A84DA4025D299A400C57241 /* Resources */ = {
			isa = PBXResourcesBuildPhase;
			buildActionMask = 2147483647;
			files = (
			);
			runOnlyForDeploymentPostprocessing = 0;
		};
		4A84DA4B25D299A400C57241 /* Resources */ = {
			isa = PBXResourcesBuildPhase;
			buildActionMask = 2147483647;
			files = (
			);
			runOnlyForDeploymentPostprocessing = 0;
		};
/* End PBXResourcesBuildPhase section */

/* Begin PBXSourcesBuildPhase section */
		4A84DA2825D299A400C57241 /* Sources */ = {
			isa = PBXSourcesBuildPhase;
			buildActionMask = 2147483647;
			files = (
				4AC3267925D7E5110023702A /* RequestFactory.swift in Sources */,
				4AC3264C25D7DF8C0023702A /* AbstractErrorParser.swift in Sources */,
				4AC3268825D7F62B0023702A /* Registration.swift in Sources */,
				4AC3266425D7E3C60023702A /* LoginResult.swift in Sources */,
				4AC3268325D7F5B80023702A /* RegistrationResult.swift in Sources */,
				4AC326B425D80C700023702A /* LogoutResult.swift in Sources */,
				4AC3265725D7E0240023702A /* DataRequest.swift in Sources */,
				4AC3267E25D7E6560023702A /* AbstractRequestFactory.swift in Sources */,
				4AC3265F25D7E34D0023702A /* RequestRouter.swift in Sources */,
				4AC3266925D7E3D10023702A /* User.swift in Sources */,
				4AC3267425D7E49F0023702A /* Auth.swift in Sources */,
				4AC326A625D8087E0023702A /* ChangeUserDataRequestFactory.swift in Sources */,
				4AC326D825D820430023702A /* LogoutRequestFactory.swift in Sources */,
				4AC326DD25D8205F0023702A /* Logout.swift in Sources */,
				4AC326AC25D808AB0023702A /* ChangeUserDataResult.swift in Sources */,
				4AC3268D25D7F6520023702A /* RegistrationRequestFactory.swift in Sources */,
				4AC3266F25D7E4790023702A /* AuthRequestFactory.swift in Sources */,
				4A84DA3025D299A400C57241 /* AppDelegate.swift in Sources */,
				4A84DA3225D299A400C57241 /* SceneDelegate.swift in Sources */,
				4AC3269E25D8085B0023702A /* ChangeUserData.swift in Sources */,
				4AC3265125D7DFEC0023702A /* ErrorParser.swift in Sources */,
			);
			runOnlyForDeploymentPostprocessing = 0;
		};
		4A84DA3E25D299A400C57241 /* Sources */ = {
			isa = PBXSourcesBuildPhase;
			buildActionMask = 2147483647;
			files = (
				4A84DA4725D299A400C57241 /* GBShopTests.swift in Sources */,
			);
			runOnlyForDeploymentPostprocessing = 0;
		};
		4A84DA4925D299A400C57241 /* Sources */ = {
			isa = PBXSourcesBuildPhase;
			buildActionMask = 2147483647;
			files = (
				4A84DA5225D299A400C57241 /* GBShopUITests.swift in Sources */,
			);
			runOnlyForDeploymentPostprocessing = 0;
		};
/* End PBXSourcesBuildPhase section */

/* Begin PBXTargetDependency section */
		4A84DA4425D299A400C57241 /* PBXTargetDependency */ = {
			isa = PBXTargetDependency;
			target = 4A84DA2B25D299A400C57241 /* GBShop */;
			targetProxy = 4A84DA4325D299A400C57241 /* PBXContainerItemProxy */;
		};
		4A84DA4F25D299A400C57241 /* PBXTargetDependency */ = {
			isa = PBXTargetDependency;
			target = 4A84DA2B25D299A400C57241 /* GBShop */;
			targetProxy = 4A84DA4E25D299A400C57241 /* PBXContainerItemProxy */;
		};
/* End PBXTargetDependency section */

/* Begin PBXVariantGroup section */
		4A84DA3A25D299A400C57241 /* LaunchScreen.storyboard */ = {
			isa = PBXVariantGroup;
			children = (
				4A84DA3B25D299A400C57241 /* Base */,
			);
			name = LaunchScreen.storyboard;
			sourceTree = "<group>";
		};
/* End PBXVariantGroup section */

/* Begin XCBuildConfiguration section */
		4A84DA5425D299A400C57241 /* Debug */ = {
			isa = XCBuildConfiguration;
			buildSettings = {
				ALWAYS_SEARCH_USER_PATHS = NO;
				CLANG_ANALYZER_NONNULL = YES;
				CLANG_ANALYZER_NUMBER_OBJECT_CONVERSION = YES_AGGRESSIVE;
				CLANG_CXX_LANGUAGE_STANDARD = "gnu++14";
				CLANG_CXX_LIBRARY = "libc++";
				CLANG_ENABLE_MODULES = YES;
				CLANG_ENABLE_OBJC_ARC = YES;
				CLANG_ENABLE_OBJC_WEAK = YES;
				CLANG_WARN_BLOCK_CAPTURE_AUTORELEASING = YES;
				CLANG_WARN_BOOL_CONVERSION = YES;
				CLANG_WARN_COMMA = YES;
				CLANG_WARN_CONSTANT_CONVERSION = YES;
				CLANG_WARN_DEPRECATED_OBJC_IMPLEMENTATIONS = YES;
				CLANG_WARN_DIRECT_OBJC_ISA_USAGE = YES_ERROR;
				CLANG_WARN_DOCUMENTATION_COMMENTS = YES;
				CLANG_WARN_EMPTY_BODY = YES;
				CLANG_WARN_ENUM_CONVERSION = YES;
				CLANG_WARN_INFINITE_RECURSION = YES;
				CLANG_WARN_INT_CONVERSION = YES;
				CLANG_WARN_NON_LITERAL_NULL_CONVERSION = YES;
				CLANG_WARN_OBJC_IMPLICIT_RETAIN_SELF = YES;
				CLANG_WARN_OBJC_LITERAL_CONVERSION = YES;
				CLANG_WARN_OBJC_ROOT_CLASS = YES_ERROR;
				CLANG_WARN_QUOTED_INCLUDE_IN_FRAMEWORK_HEADER = YES;
				CLANG_WARN_RANGE_LOOP_ANALYSIS = YES;
				CLANG_WARN_STRICT_PROTOTYPES = YES;
				CLANG_WARN_SUSPICIOUS_MOVE = YES;
				CLANG_WARN_UNGUARDED_AVAILABILITY = YES_AGGRESSIVE;
				CLANG_WARN_UNREACHABLE_CODE = YES;
				CLANG_WARN__DUPLICATE_METHOD_MATCH = YES;
				COPY_PHASE_STRIP = NO;
				DEBUG_INFORMATION_FORMAT = dwarf;
				ENABLE_STRICT_OBJC_MSGSEND = YES;
				ENABLE_TESTABILITY = YES;
				GCC_C_LANGUAGE_STANDARD = gnu11;
				GCC_DYNAMIC_NO_PIC = NO;
				GCC_NO_COMMON_BLOCKS = YES;
				GCC_OPTIMIZATION_LEVEL = 0;
				GCC_PREPROCESSOR_DEFINITIONS = (
					"DEBUG=1",
					"$(inherited)",
				);
				GCC_WARN_64_TO_32_BIT_CONVERSION = YES;
				GCC_WARN_ABOUT_RETURN_TYPE = YES_ERROR;
				GCC_WARN_UNDECLARED_SELECTOR = YES;
				GCC_WARN_UNINITIALIZED_AUTOS = YES_AGGRESSIVE;
				GCC_WARN_UNUSED_FUNCTION = YES;
				GCC_WARN_UNUSED_VARIABLE = YES;
				IPHONEOS_DEPLOYMENT_TARGET = 14.4;
				MTL_ENABLE_DEBUG_INFO = INCLUDE_SOURCE;
				MTL_FAST_MATH = YES;
				ONLY_ACTIVE_ARCH = YES;
				SDKROOT = iphoneos;
				SWIFT_ACTIVE_COMPILATION_CONDITIONS = DEBUG;
				SWIFT_OPTIMIZATION_LEVEL = "-Onone";
			};
			name = Debug;
		};
		4A84DA5525D299A400C57241 /* Release */ = {
			isa = XCBuildConfiguration;
			buildSettings = {
				ALWAYS_SEARCH_USER_PATHS = NO;
				CLANG_ANALYZER_NONNULL = YES;
				CLANG_ANALYZER_NUMBER_OBJECT_CONVERSION = YES_AGGRESSIVE;
				CLANG_CXX_LANGUAGE_STANDARD = "gnu++14";
				CLANG_CXX_LIBRARY = "libc++";
				CLANG_ENABLE_MODULES = YES;
				CLANG_ENABLE_OBJC_ARC = YES;
				CLANG_ENABLE_OBJC_WEAK = YES;
				CLANG_WARN_BLOCK_CAPTURE_AUTORELEASING = YES;
				CLANG_WARN_BOOL_CONVERSION = YES;
				CLANG_WARN_COMMA = YES;
				CLANG_WARN_CONSTANT_CONVERSION = YES;
				CLANG_WARN_DEPRECATED_OBJC_IMPLEMENTATIONS = YES;
				CLANG_WARN_DIRECT_OBJC_ISA_USAGE = YES_ERROR;
				CLANG_WARN_DOCUMENTATION_COMMENTS = YES;
				CLANG_WARN_EMPTY_BODY = YES;
				CLANG_WARN_ENUM_CONVERSION = YES;
				CLANG_WARN_INFINITE_RECURSION = YES;
				CLANG_WARN_INT_CONVERSION = YES;
				CLANG_WARN_NON_LITERAL_NULL_CONVERSION = YES;
				CLANG_WARN_OBJC_IMPLICIT_RETAIN_SELF = YES;
				CLANG_WARN_OBJC_LITERAL_CONVERSION = YES;
				CLANG_WARN_OBJC_ROOT_CLASS = YES_ERROR;
				CLANG_WARN_QUOTED_INCLUDE_IN_FRAMEWORK_HEADER = YES;
				CLANG_WARN_RANGE_LOOP_ANALYSIS = YES;
				CLANG_WARN_STRICT_PROTOTYPES = YES;
				CLANG_WARN_SUSPICIOUS_MOVE = YES;
				CLANG_WARN_UNGUARDED_AVAILABILITY = YES_AGGRESSIVE;
				CLANG_WARN_UNREACHABLE_CODE = YES;
				CLANG_WARN__DUPLICATE_METHOD_MATCH = YES;
				COPY_PHASE_STRIP = NO;
				DEBUG_INFORMATION_FORMAT = "dwarf-with-dsym";
				ENABLE_NS_ASSERTIONS = NO;
				ENABLE_STRICT_OBJC_MSGSEND = YES;
				GCC_C_LANGUAGE_STANDARD = gnu11;
				GCC_NO_COMMON_BLOCKS = YES;
				GCC_WARN_64_TO_32_BIT_CONVERSION = YES;
				GCC_WARN_ABOUT_RETURN_TYPE = YES_ERROR;
				GCC_WARN_UNDECLARED_SELECTOR = YES;
				GCC_WARN_UNINITIALIZED_AUTOS = YES_AGGRESSIVE;
				GCC_WARN_UNUSED_FUNCTION = YES;
				GCC_WARN_UNUSED_VARIABLE = YES;
				IPHONEOS_DEPLOYMENT_TARGET = 14.4;
				MTL_ENABLE_DEBUG_INFO = NO;
				MTL_FAST_MATH = YES;
				SDKROOT = iphoneos;
				SWIFT_COMPILATION_MODE = wholemodule;
				SWIFT_OPTIMIZATION_LEVEL = "-O";
				VALIDATE_PRODUCT = YES;
			};
			name = Release;
		};
		4A84DA5725D299A400C57241 /* Debug */ = {
			isa = XCBuildConfiguration;
			buildSettings = {
				ASSETCATALOG_COMPILER_APPICON_NAME = AppIcon;
				ASSETCATALOG_COMPILER_GLOBAL_ACCENT_COLOR_NAME = AccentColor;
				CODE_SIGN_STYLE = Automatic;
				DEVELOPMENT_TEAM = C23RGTGY52;
				INFOPLIST_FILE = GBShop/Environments/Info.plist;
				LD_RUNPATH_SEARCH_PATHS = (
					"$(inherited)",
					"@executable_path/Frameworks",
				);
				PRODUCT_BUNDLE_IDENTIFIER = "com.Alexander-Ipatov.GBShop";
				PRODUCT_NAME = "$(TARGET_NAME)";
				SWIFT_VERSION = 5.0;
				TARGETED_DEVICE_FAMILY = "1,2";
			};
			name = Debug;
		};
		4A84DA5825D299A400C57241 /* Release */ = {
			isa = XCBuildConfiguration;
			buildSettings = {
				ASSETCATALOG_COMPILER_APPICON_NAME = AppIcon;
				ASSETCATALOG_COMPILER_GLOBAL_ACCENT_COLOR_NAME = AccentColor;
				CODE_SIGN_STYLE = Automatic;
				DEVELOPMENT_TEAM = C23RGTGY52;
				INFOPLIST_FILE = GBShop/Environments/Info.plist;
				LD_RUNPATH_SEARCH_PATHS = (
					"$(inherited)",
					"@executable_path/Frameworks",
				);
				PRODUCT_BUNDLE_IDENTIFIER = "com.Alexander-Ipatov.GBShop";
				PRODUCT_NAME = "$(TARGET_NAME)";
				SWIFT_VERSION = 5.0;
				TARGETED_DEVICE_FAMILY = "1,2";
			};
			name = Release;
		};
		4A84DA5A25D299A400C57241 /* Debug */ = {
			isa = XCBuildConfiguration;
			buildSettings = {
				ALWAYS_EMBED_SWIFT_STANDARD_LIBRARIES = YES;
				BUNDLE_LOADER = "$(TEST_HOST)";
				CODE_SIGN_STYLE = Automatic;
				DEVELOPMENT_TEAM = C23RGTGY52;
				INFOPLIST_FILE = GBShopTests/Info.plist;
				IPHONEOS_DEPLOYMENT_TARGET = 14.4;
				LD_RUNPATH_SEARCH_PATHS = (
					"$(inherited)",
					"@executable_path/Frameworks",
					"@loader_path/Frameworks",
				);
				PRODUCT_BUNDLE_IDENTIFIER = "com.Alexander-Ipatov.GBShopTests";
				PRODUCT_NAME = "$(TARGET_NAME)";
				SWIFT_VERSION = 5.0;
				TARGETED_DEVICE_FAMILY = "1,2";
				TEST_HOST = "$(BUILT_PRODUCTS_DIR)/GBShop.app/GBShop";
			};
			name = Debug;
		};
		4A84DA5B25D299A400C57241 /* Release */ = {
			isa = XCBuildConfiguration;
			buildSettings = {
				ALWAYS_EMBED_SWIFT_STANDARD_LIBRARIES = YES;
				BUNDLE_LOADER = "$(TEST_HOST)";
				CODE_SIGN_STYLE = Automatic;
				DEVELOPMENT_TEAM = C23RGTGY52;
				INFOPLIST_FILE = GBShopTests/Info.plist;
				IPHONEOS_DEPLOYMENT_TARGET = 14.4;
				LD_RUNPATH_SEARCH_PATHS = (
					"$(inherited)",
					"@executable_path/Frameworks",
					"@loader_path/Frameworks",
				);
				PRODUCT_BUNDLE_IDENTIFIER = "com.Alexander-Ipatov.GBShopTests";
				PRODUCT_NAME = "$(TARGET_NAME)";
				SWIFT_VERSION = 5.0;
				TARGETED_DEVICE_FAMILY = "1,2";
				TEST_HOST = "$(BUILT_PRODUCTS_DIR)/GBShop.app/GBShop";
			};
			name = Release;
		};
		4A84DA5D25D299A400C57241 /* Debug */ = {
			isa = XCBuildConfiguration;
			buildSettings = {
				ALWAYS_EMBED_SWIFT_STANDARD_LIBRARIES = YES;
				CODE_SIGN_STYLE = Automatic;
				DEVELOPMENT_TEAM = C23RGTGY52;
				INFOPLIST_FILE = GBShopUITests/Info.plist;
				LD_RUNPATH_SEARCH_PATHS = (
					"$(inherited)",
					"@executable_path/Frameworks",
					"@loader_path/Frameworks",
				);
				PRODUCT_BUNDLE_IDENTIFIER = "com.Alexander-Ipatov.GBShopUITests";
				PRODUCT_NAME = "$(TARGET_NAME)";
				SWIFT_VERSION = 5.0;
				TARGETED_DEVICE_FAMILY = "1,2";
				TEST_TARGET_NAME = GBShop;
			};
			name = Debug;
		};
		4A84DA5E25D299A400C57241 /* Release */ = {
			isa = XCBuildConfiguration;
			buildSettings = {
				ALWAYS_EMBED_SWIFT_STANDARD_LIBRARIES = YES;
				CODE_SIGN_STYLE = Automatic;
				DEVELOPMENT_TEAM = C23RGTGY52;
				INFOPLIST_FILE = GBShopUITests/Info.plist;
				LD_RUNPATH_SEARCH_PATHS = (
					"$(inherited)",
					"@executable_path/Frameworks",
					"@loader_path/Frameworks",
				);
				PRODUCT_BUNDLE_IDENTIFIER = "com.Alexander-Ipatov.GBShopUITests";
				PRODUCT_NAME = "$(TARGET_NAME)";
				SWIFT_VERSION = 5.0;
				TARGETED_DEVICE_FAMILY = "1,2";
				TEST_TARGET_NAME = GBShop;
			};
			name = Release;
		};
/* End XCBuildConfiguration section */

/* Begin XCConfigurationList section */
		4A84DA2725D299A400C57241 /* Build configuration list for PBXProject "GBShop" */ = {
			isa = XCConfigurationList;
			buildConfigurations = (
				4A84DA5425D299A400C57241 /* Debug */,
				4A84DA5525D299A400C57241 /* Release */,
			);
			defaultConfigurationIsVisible = 0;
			defaultConfigurationName = Release;
		};
		4A84DA5625D299A400C57241 /* Build configuration list for PBXNativeTarget "GBShop" */ = {
			isa = XCConfigurationList;
			buildConfigurations = (
				4A84DA5725D299A400C57241 /* Debug */,
				4A84DA5825D299A400C57241 /* Release */,
			);
			defaultConfigurationIsVisible = 0;
			defaultConfigurationName = Release;
		};
		4A84DA5925D299A400C57241 /* Build configuration list for PBXNativeTarget "GBShopTests" */ = {
			isa = XCConfigurationList;
			buildConfigurations = (
				4A84DA5A25D299A400C57241 /* Debug */,
				4A84DA5B25D299A400C57241 /* Release */,
			);
			defaultConfigurationIsVisible = 0;
			defaultConfigurationName = Release;
		};
		4A84DA5C25D299A400C57241 /* Build configuration list for PBXNativeTarget "GBShopUITests" */ = {
			isa = XCConfigurationList;
			buildConfigurations = (
				4A84DA5D25D299A400C57241 /* Debug */,
				4A84DA5E25D299A400C57241 /* Release */,
			);
			defaultConfigurationIsVisible = 0;
			defaultConfigurationName = Release;
		};
/* End XCConfigurationList section */

/* Begin XCRemoteSwiftPackageReference section */
		4AC3264425D7DB820023702A /* XCRemoteSwiftPackageReference "Alamofire" */ = {
			isa = XCRemoteSwiftPackageReference;
			repositoryURL = "https://github.com/Alamofire/Alamofire.git";
			requirement = {
				kind = upToNextMajorVersion;
				minimumVersion = 5.4.1;
			};
		};
/* End XCRemoteSwiftPackageReference section */

/* Begin XCSwiftPackageProductDependency section */
		4AC3264525D7DB820023702A /* Alamofire */ = {
			isa = XCSwiftPackageProductDependency;
			package = 4AC3264425D7DB820023702A /* XCRemoteSwiftPackageReference "Alamofire" */;
			productName = Alamofire;
		};
/* End XCSwiftPackageProductDependency section */
	};
	rootObject = 4A84DA2425D299A400C57241 /* Project object */;
}
