// !$*UTF8*$!
{
	archiveVersion = 1;
	classes = {
	};
	objectVersion = 52;
	objects = {

/* Begin PBXBuildFile section */
		4A2A6FAD25DFA2640067EAE0 /* AuthTests.swift in Sources */ = {isa = PBXBuildFile; fileRef = 4A2A6FAC25DFA2640067EAE0 /* AuthTests.swift */; };
		4A2A6FB225DFA2960067EAE0 /* LogoutTests.swift in Sources */ = {isa = PBXBuildFile; fileRef = 4A2A6FB125DFA2960067EAE0 /* LogoutTests.swift */; };
		4A2A6FB725DFA2EA0067EAE0 /* RegistrationTests.swift in Sources */ = {isa = PBXBuildFile; fileRef = 4A2A6FB625DFA2EA0067EAE0 /* RegistrationTests.swift */; };
		4A2A6FBC25DFA31D0067EAE0 /* RequestFactoryTests.swift in Sources */ = {isa = PBXBuildFile; fileRef = 4A2A6FBB25DFA31D0067EAE0 /* RequestFactoryTests.swift */; };
		4A2A6FC125DFA35D0067EAE0 /* ChangeUserDataTests.swift in Sources */ = {isa = PBXBuildFile; fileRef = 4A2A6FC025DFA35D0067EAE0 /* ChangeUserDataTests.swift */; };
		4A2A6FC625DFA37B0067EAE0 /* ResponseCodable.swift in Sources */ = {isa = PBXBuildFile; fileRef = 4A2A6FC525DFA37B0067EAE0 /* ResponseCodable.swift */; };
		4A2A6FCC25DFAAB30067EAE0 /* CatalogData.swift in Sources */ = {isa = PBXBuildFile; fileRef = 4A2A6FCB25DFAAB30067EAE0 /* CatalogData.swift */; };
		4A2A6FD725DFAB010067EAE0 /* CatalogDataRequestFactory.swift in Sources */ = {isa = PBXBuildFile; fileRef = 4A2A6FD625DFAB010067EAE0 /* CatalogDataRequestFactory.swift */; };
		4A2A6FDF25DFAB450067EAE0 /* CatalogResult.swift in Sources */ = {isa = PBXBuildFile; fileRef = 4A2A6FDE25DFAB450067EAE0 /* CatalogResult.swift */; };
		4A2A6FF225DFC3CC0067EAE0 /* CatalogDataTests.swift in Sources */ = {isa = PBXBuildFile; fileRef = 4A2A6FF125DFC3CC0067EAE0 /* CatalogDataTests.swift */; };
		4A2A6FF725DFC93E0067EAE0 /* Product.swift in Sources */ = {isa = PBXBuildFile; fileRef = 4A2A6FF625DFC93D0067EAE0 /* Product.swift */; };
		4A2E56A025ECF66F0055611A /* AddReview.swift in Sources */ = {isa = PBXBuildFile; fileRef = 4A2E569F25ECF66F0055611A /* AddReview.swift */; };
		4A2E56AA25ECF6AC0055611A /* AddReviewRequestFactory.swift in Sources */ = {isa = PBXBuildFile; fileRef = 4A2E56A925ECF6AC0055611A /* AddReviewRequestFactory.swift */; };
		4A2E56AF25ECF6BF0055611A /* RemoveReviewRequestFactory.swift in Sources */ = {isa = PBXBuildFile; fileRef = 4A2E56AE25ECF6BF0055611A /* RemoveReviewRequestFactory.swift */; };
		4A2E56B425ECF6C50055611A /* RemoveReview.swift in Sources */ = {isa = PBXBuildFile; fileRef = 4A2E56B325ECF6C50055611A /* RemoveReview.swift */; };
		4A2E56B925ECF6E70055611A /* ReviewListRequestFactory.swift in Sources */ = {isa = PBXBuildFile; fileRef = 4A2E56B825ECF6E70055611A /* ReviewListRequestFactory.swift */; };
		4A2E56BE25ECF6ED0055611A /* ReviewList.swift in Sources */ = {isa = PBXBuildFile; fileRef = 4A2E56BD25ECF6ED0055611A /* ReviewList.swift */; };
		4A2E56C625ECF7720055611A /* AddReviewResult.swift in Sources */ = {isa = PBXBuildFile; fileRef = 4A2E56C525ECF7720055611A /* AddReviewResult.swift */; };
		4A2E56CE25ECFE790055611A /* RemoveReviewResult.swift in Sources */ = {isa = PBXBuildFile; fileRef = 4A2E56CD25ECFE790055611A /* RemoveReviewResult.swift */; };
		4A2E56D325ECFFB50055611A /* ReviewListResult.swift in Sources */ = {isa = PBXBuildFile; fileRef = 4A2E56D225ECFFB50055611A /* ReviewListResult.swift */; };
		4A2E56D825ECFFF50055611A /* Review.swift in Sources */ = {isa = PBXBuildFile; fileRef = 4A2E56D725ECFFF50055611A /* Review.swift */; };
		4A2E56DD25ED01590055611A /* AddReviewTests.swift in Sources */ = {isa = PBXBuildFile; fileRef = 4A2E56DC25ED01590055611A /* AddReviewTests.swift */; };
		4A2E56E225ED02E50055611A /* RemoveReviewTests.swift in Sources */ = {isa = PBXBuildFile; fileRef = 4A2E56E125ED02E50055611A /* RemoveReviewTests.swift */; };
		4A2E56E725ED041B0055611A /* ReviewListTests.swift in Sources */ = {isa = PBXBuildFile; fileRef = 4A2E56E625ED041B0055611A /* ReviewListTests.swift */; };
		4A5BF26525FAC2E3002E6FA8 /* PayBasket.swift in Sources */ = {isa = PBXBuildFile; fileRef = 4A5BF25D25FAC2E2002E6FA8 /* PayBasket.swift */; };
		4A5BF26625FAC2E3002E6FA8 /* PayBasketRequestFactory.swift in Sources */ = {isa = PBXBuildFile; fileRef = 4A5BF25E25FAC2E2002E6FA8 /* PayBasketRequestFactory.swift */; };
		4A5BF26725FAC2E3002E6FA8 /* AddToBasket.swift in Sources */ = {isa = PBXBuildFile; fileRef = 4A5BF26025FAC2E3002E6FA8 /* AddToBasket.swift */; };
		4A5BF26825FAC2E3002E6FA8 /* AddToBasketRequestFactory.swift in Sources */ = {isa = PBXBuildFile; fileRef = 4A5BF26125FAC2E3002E6FA8 /* AddToBasketRequestFactory.swift */; };
		4A5BF26925FAC2E3002E6FA8 /* DeleteFromBasket.swift in Sources */ = {isa = PBXBuildFile; fileRef = 4A5BF26325FAC2E3002E6FA8 /* DeleteFromBasket.swift */; };
		4A5BF26A25FAC2E3002E6FA8 /* DeleteFromBasketRequestFactory.swift in Sources */ = {isa = PBXBuildFile; fileRef = 4A5BF26425FAC2E3002E6FA8 /* DeleteFromBasketRequestFactory.swift */; };
		4A5BF26F25FAC309002E6FA8 /* PayBasketResult.swift in Sources */ = {isa = PBXBuildFile; fileRef = 4A5BF26E25FAC309002E6FA8 /* PayBasketResult.swift */; };
		4A5BF27425FAC310002E6FA8 /* DeleteFromBasketResult.swift in Sources */ = {isa = PBXBuildFile; fileRef = 4A5BF27325FAC310002E6FA8 /* DeleteFromBasketResult.swift */; };
		4A5BF27925FAC316002E6FA8 /* AddToBasketResult.swift in Sources */ = {isa = PBXBuildFile; fileRef = 4A5BF27825FAC316002E6FA8 /* AddToBasketResult.swift */; };
		4A5BF27E25FAC350002E6FA8 /* PayBasketTests.swift in Sources */ = {isa = PBXBuildFile; fileRef = 4A5BF27D25FAC350002E6FA8 /* PayBasketTests.swift */; };
		4A5BF28625FAC354002E6FA8 /* DeleteFromBasketTests.swift in Sources */ = {isa = PBXBuildFile; fileRef = 4A5BF28525FAC354002E6FA8 /* DeleteFromBasketTests.swift */; };
		4A5BF28E25FAC358002E6FA8 /* AddToBasketTests.swift in Sources */ = {isa = PBXBuildFile; fileRef = 4A5BF28D25FAC358002E6FA8 /* AddToBasketTests.swift */; };
		4A75731B2608FBDE00EAD784 /* CatalogCollectionViewController.swift in Sources */ = {isa = PBXBuildFile; fileRef = 4A75730E2608FBDE00EAD784 /* CatalogCollectionViewController.swift */; };
		4A75731C2608FBDE00EAD784 /* CatalogCellModel.swift in Sources */ = {isa = PBXBuildFile; fileRef = 4A7573102608FBDE00EAD784 /* CatalogCellModel.swift */; };
		4A75731D2608FBDE00EAD784 /* CatalogCellModelFactory.swift in Sources */ = {isa = PBXBuildFile; fileRef = 4A7573112608FBDE00EAD784 /* CatalogCellModelFactory.swift */; };
		4A75731E2608FBDE00EAD784 /* CatalogPresentationStyle.swift in Sources */ = {isa = PBXBuildFile; fileRef = 4A7573132608FBDE00EAD784 /* CatalogPresentationStyle.swift */; };
		4A75731F2608FBDE00EAD784 /* DefaultGriddedContentCollectionViewDelegate.swift in Sources */ = {isa = PBXBuildFile; fileRef = 4A7573162608FBDE00EAD784 /* DefaultGriddedContentCollectionViewDelegate.swift */; };
		4A7573202608FBDE00EAD784 /* TabledContentCollectionViewDelegate.swift in Sources */ = {isa = PBXBuildFile; fileRef = 4A7573172608FBDE00EAD784 /* TabledContentCollectionViewDelegate.swift */; };
		4A7573212608FBDE00EAD784 /* DefaultCollectionViewDelegate.swift in Sources */ = {isa = PBXBuildFile; fileRef = 4A7573182608FBDE00EAD784 /* DefaultCollectionViewDelegate.swift */; };
		4A7573222608FBDE00EAD784 /* CatalogCollectionViewCell.swift in Sources */ = {isa = PBXBuildFile; fileRef = 4A7573192608FBDE00EAD784 /* CatalogCollectionViewCell.swift */; };
		4A7573232608FBDE00EAD784 /* CatalogView.swift in Sources */ = {isa = PBXBuildFile; fileRef = 4A75731A2608FBDE00EAD784 /* CatalogView.swift */; };
		4A75732C2608FCC900EAD784 /* Kingfisher in Frameworks */ = {isa = PBXBuildFile; productRef = 4A75732B2608FCC900EAD784 /* Kingfisher */; };
		4A77E10A260024F80015D791 /* MainTabBarController.swift in Sources */ = {isa = PBXBuildFile; fileRef = 4A77E109260024F80015D791 /* MainTabBarController.swift */; };
		4A77E112260025330015D791 /* ChangeDataView.swift in Sources */ = {isa = PBXBuildFile; fileRef = 4A77E111260025330015D791 /* ChangeDataView.swift */; };
		4A77E11A2600253A0015D791 /* AuthView.swift in Sources */ = {isa = PBXBuildFile; fileRef = 4A77E1172600253A0015D791 /* AuthView.swift */; };
		4A77E11B2600253A0015D791 /* LogoView.swift in Sources */ = {isa = PBXBuildFile; fileRef = 4A77E1182600253A0015D791 /* LogoView.swift */; };
		4A77E11C2600253A0015D791 /* RegisterView.swift in Sources */ = {isa = PBXBuildFile; fileRef = 4A77E1192600253A0015D791 /* RegisterView.swift */; };
		4A77E122260025510015D791 /* ChangeDataViewController.swift in Sources */ = {isa = PBXBuildFile; fileRef = 4A77E121260025510015D791 /* ChangeDataViewController.swift */; };
		4A77E129260025590015D791 /* AuthViewController.swift in Sources */ = {isa = PBXBuildFile; fileRef = 4A77E127260025590015D791 /* AuthViewController.swift */; };
		4A77E12A260025590015D791 /* RegisterViewController.swift in Sources */ = {isa = PBXBuildFile; fileRef = 4A77E128260025590015D791 /* RegisterViewController.swift */; };
		4A77E130260025740015D791 /* AuthService.swift in Sources */ = {isa = PBXBuildFile; fileRef = 4A77E12F260025740015D791 /* AuthService.swift */; };
		4A77E136260025D20015D791 /* loginLottie.json in Resources */ = {isa = PBXBuildFile; fileRef = 4A77E135260025D20015D791 /* loginLottie.json */; };
		4A77E13D260025E00015D791 /* AuthValidators.swift in Sources */ = {isa = PBXBuildFile; fileRef = 4A77E13B260025E00015D791 /* AuthValidators.swift */; };
		4A77E13E260025E00015D791 /* RegisterErrors.swift in Sources */ = {isa = PBXBuildFile; fileRef = 4A77E13C260025E00015D791 /* RegisterErrors.swift */; };
		4A77E14B260025EA0015D791 /* UILabel + Extension.swift in Sources */ = {isa = PBXBuildFile; fileRef = 4A77E143260025EA0015D791 /* UILabel + Extension.swift */; };
		4A77E14C260025EA0015D791 /* UIImageView + Extension.swift in Sources */ = {isa = PBXBuildFile; fileRef = 4A77E144260025EA0015D791 /* UIImageView + Extension.swift */; };
		4A77E14D260025EA0015D791 /* StackView + Entension.swift in Sources */ = {isa = PBXBuildFile; fileRef = 4A77E145260025EA0015D791 /* StackView + Entension.swift */; };
		4A77E14E260025EA0015D791 /* UIViewController + Extension.swift in Sources */ = {isa = PBXBuildFile; fileRef = 4A77E146260025EA0015D791 /* UIViewController + Extension.swift */; };
		4A77E14F260025EA0015D791 /* UIButton + Extension.swift in Sources */ = {isa = PBXBuildFile; fileRef = 4A77E147260025EA0015D791 /* UIButton + Extension.swift */; };
		4A77E150260025EA0015D791 /* UIScrollView + Extension.swift in Sources */ = {isa = PBXBuildFile; fileRef = 4A77E148260025EA0015D791 /* UIScrollView + Extension.swift */; };
		4A77E151260025EA0015D791 /* UIFont + Extensions.swift in Sources */ = {isa = PBXBuildFile; fileRef = 4A77E149260025EA0015D791 /* UIFont + Extensions.swift */; };
		4A77E152260025EA0015D791 /* UITextField + Extension.swift in Sources */ = {isa = PBXBuildFile; fileRef = 4A77E14A260025EA0015D791 /* UITextField + Extension.swift */; };
		4A77E158260026370015D791 /* Lottie in Frameworks */ = {isa = PBXBuildFile; productRef = 4A77E157260026370015D791 /* Lottie */; };
		4A77E15D260027970015D791 /* AuthValidatorsTests.swift in Sources */ = {isa = PBXBuildFile; fileRef = 4A77E15C260027970015D791 /* AuthValidatorsTests.swift */; };
		4A77E1622600279B0015D791 /* AuthServiceTests.swift in Sources */ = {isa = PBXBuildFile; fileRef = 4A77E1612600279B0015D791 /* AuthServiceTests.swift */; };
		4A84DA3025D299A400C57241 /* AppDelegate.swift in Sources */ = {isa = PBXBuildFile; fileRef = 4A84DA2F25D299A400C57241 /* AppDelegate.swift */; };
		4A84DA3225D299A400C57241 /* SceneDelegate.swift in Sources */ = {isa = PBXBuildFile; fileRef = 4A84DA3125D299A400C57241 /* SceneDelegate.swift */; };
		4A84DA3925D299A400C57241 /* Assets.xcassets in Resources */ = {isa = PBXBuildFile; fileRef = 4A84DA3825D299A400C57241 /* Assets.xcassets */; };
		4A84DA3C25D299A400C57241 /* LaunchScreen.storyboard in Resources */ = {isa = PBXBuildFile; fileRef = 4A84DA3A25D299A400C57241 /* LaunchScreen.storyboard */; };
		4A84DA4725D299A400C57241 /* GBShopTests.swift in Sources */ = {isa = PBXBuildFile; fileRef = 4A84DA4625D299A400C57241 /* GBShopTests.swift */; };
		4A84DA5225D299A400C57241 /* GBShopUITests.swift in Sources */ = {isa = PBXBuildFile; fileRef = 4A84DA5125D299A400C57241 /* GBShopUITests.swift */; };
		4A8E875026035F7600024CCF /* LoadingView.swift in Sources */ = {isa = PBXBuildFile; fileRef = 4A8E874F26035F7600024CCF /* LoadingView.swift */; };
		4A8E875526035F8300024CCF /* loadingCat.json in Resources */ = {isa = PBXBuildFile; fileRef = 4A8E875426035F8300024CCF /* loadingCat.json */; };
		4A9CAC1325ECDC4600E427A8 /* ProductRequestFactory.swift in Sources */ = {isa = PBXBuildFile; fileRef = 4A9CAC1225ECDC4600E427A8 /* ProductRequestFactory.swift */; };
		4A9CAC1825ECDC5800E427A8 /* ProductFromCatalog.swift in Sources */ = {isa = PBXBuildFile; fileRef = 4A9CAC1725ECDC5800E427A8 /* ProductFromCatalog.swift */; };
		4A9CAC1D25ECDD0C00E427A8 /* ProductWithDecription.swift in Sources */ = {isa = PBXBuildFile; fileRef = 4A9CAC1C25ECDD0C00E427A8 /* ProductWithDecription.swift */; };
		4A9CAC2225ECE28D00E427A8 /* ProductFromCatalogTests.swift in Sources */ = {isa = PBXBuildFile; fileRef = 4A9CAC2125ECE28D00E427A8 /* ProductFromCatalogTests.swift */; };
		4AC3264625D7DB820023702A /* Alamofire in Frameworks */ = {isa = PBXBuildFile; productRef = 4AC3264525D7DB820023702A /* Alamofire */; };
		4AC3264C25D7DF8C0023702A /* AbstractErrorParser.swift in Sources */ = {isa = PBXBuildFile; fileRef = 4AC3264B25D7DF8C0023702A /* AbstractErrorParser.swift */; };
		4AC3265125D7DFEC0023702A /* ErrorParser.swift in Sources */ = {isa = PBXBuildFile; fileRef = 4AC3265025D7DFEC0023702A /* ErrorParser.swift */; };
		4AC3265725D7E0240023702A /* DataRequest.swift in Sources */ = {isa = PBXBuildFile; fileRef = 4AC3265625D7E0240023702A /* DataRequest.swift */; };
		4AC3265F25D7E34D0023702A /* RequestRouter.swift in Sources */ = {isa = PBXBuildFile; fileRef = 4AC3265E25D7E34D0023702A /* RequestRouter.swift */; };
		4AC3266425D7E3C60023702A /* LoginResult.swift in Sources */ = {isa = PBXBuildFile; fileRef = 4AC3266325D7E3C60023702A /* LoginResult.swift */; };
		4AC3266925D7E3D10023702A /* User.swift in Sources */ = {isa = PBXBuildFile; fileRef = 4AC3266825D7E3D10023702A /* User.swift */; };
		4AC3266F25D7E4790023702A /* AuthRequestFactory.swift in Sources */ = {isa = PBXBuildFile; fileRef = 4AC3266E25D7E4790023702A /* AuthRequestFactory.swift */; };
		4AC3267425D7E49F0023702A /* Auth.swift in Sources */ = {isa = PBXBuildFile; fileRef = 4AC3267325D7E49F0023702A /* Auth.swift */; };
		4AC3267925D7E5110023702A /* RequestFactory.swift in Sources */ = {isa = PBXBuildFile; fileRef = 4AC3267825D7E5110023702A /* RequestFactory.swift */; };
		4AC3267E25D7E6560023702A /* AbstractRequestFactory.swift in Sources */ = {isa = PBXBuildFile; fileRef = 4AC3267D25D7E6560023702A /* AbstractRequestFactory.swift */; };
		4AC3268325D7F5B80023702A /* RegistrationResult.swift in Sources */ = {isa = PBXBuildFile; fileRef = 4AC3268225D7F5B80023702A /* RegistrationResult.swift */; };
		4AC3268825D7F62B0023702A /* Registration.swift in Sources */ = {isa = PBXBuildFile; fileRef = 4AC3268725D7F62B0023702A /* Registration.swift */; };
		4AC3268D25D7F6520023702A /* RegistrationRequestFactory.swift in Sources */ = {isa = PBXBuildFile; fileRef = 4AC3268C25D7F6520023702A /* RegistrationRequestFactory.swift */; };
		4AC3269E25D8085B0023702A /* ChangeUserData.swift in Sources */ = {isa = PBXBuildFile; fileRef = 4AC3269D25D8085B0023702A /* ChangeUserData.swift */; };
		4AC326A625D8087E0023702A /* ChangeUserDataRequestFactory.swift in Sources */ = {isa = PBXBuildFile; fileRef = 4AC326A525D8087E0023702A /* ChangeUserDataRequestFactory.swift */; };
		4AC326AC25D808AB0023702A /* ChangeUserDataResult.swift in Sources */ = {isa = PBXBuildFile; fileRef = 4AC326AB25D808AB0023702A /* ChangeUserDataResult.swift */; };
		4AC326B425D80C700023702A /* LogoutResult.swift in Sources */ = {isa = PBXBuildFile; fileRef = 4AC326B325D80C700023702A /* LogoutResult.swift */; };
		4AC326D825D820430023702A /* LogoutRequestFactory.swift in Sources */ = {isa = PBXBuildFile; fileRef = 4AC326D725D820430023702A /* LogoutRequestFactory.swift */; };
		4AC326DD25D8205F0023702A /* Logout.swift in Sources */ = {isa = PBXBuildFile; fileRef = 4AC326DC25D8205F0023702A /* Logout.swift */; };
/* End PBXBuildFile section */

/* Begin PBXContainerItemProxy section */
		4A84DA4325D299A400C57241 /* PBXContainerItemProxy */ = {
			isa = PBXContainerItemProxy;
			containerPortal = 4A84DA2425D299A400C57241 /* Project object */;
			proxyType = 1;
			remoteGlobalIDString = 4A84DA2B25D299A400C57241;
			remoteInfo = GBShop;
		};
		4A84DA4E25D299A400C57241 /* PBXContainerItemProxy */ = {
			isa = PBXContainerItemProxy;
			containerPortal = 4A84DA2425D299A400C57241 /* Project object */;
			proxyType = 1;
			remoteGlobalIDString = 4A84DA2B25D299A400C57241;
			remoteInfo = GBShop;
		};
/* End PBXContainerItemProxy section */

/* Begin PBXFileReference section */
		4A2A6FAC25DFA2640067EAE0 /* AuthTests.swift */ = {isa = PBXFileReference; lastKnownFileType = sourcecode.swift; path = AuthTests.swift; sourceTree = "<group>"; };
		4A2A6FB125DFA2960067EAE0 /* LogoutTests.swift */ = {isa = PBXFileReference; lastKnownFileType = sourcecode.swift; path = LogoutTests.swift; sourceTree = "<group>"; };
		4A2A6FB625DFA2EA0067EAE0 /* RegistrationTests.swift */ = {isa = PBXFileReference; lastKnownFileType = sourcecode.swift; path = RegistrationTests.swift; sourceTree = "<group>"; };
		4A2A6FBB25DFA31D0067EAE0 /* RequestFactoryTests.swift */ = {isa = PBXFileReference; lastKnownFileType = sourcecode.swift; path = RequestFactoryTests.swift; sourceTree = "<group>"; };
		4A2A6FC025DFA35D0067EAE0 /* ChangeUserDataTests.swift */ = {isa = PBXFileReference; lastKnownFileType = sourcecode.swift; path = ChangeUserDataTests.swift; sourceTree = "<group>"; };
		4A2A6FC525DFA37B0067EAE0 /* ResponseCodable.swift */ = {isa = PBXFileReference; lastKnownFileType = sourcecode.swift; path = ResponseCodable.swift; sourceTree = "<group>"; };
		4A2A6FCB25DFAAB30067EAE0 /* CatalogData.swift */ = {isa = PBXFileReference; lastKnownFileType = sourcecode.swift; path = CatalogData.swift; sourceTree = "<group>"; };
		4A2A6FD625DFAB010067EAE0 /* CatalogDataRequestFactory.swift */ = {isa = PBXFileReference; lastKnownFileType = sourcecode.swift; path = CatalogDataRequestFactory.swift; sourceTree = "<group>"; };
		4A2A6FDE25DFAB450067EAE0 /* CatalogResult.swift */ = {isa = PBXFileReference; lastKnownFileType = sourcecode.swift; path = CatalogResult.swift; sourceTree = "<group>"; };
		4A2A6FF125DFC3CC0067EAE0 /* CatalogDataTests.swift */ = {isa = PBXFileReference; lastKnownFileType = sourcecode.swift; path = CatalogDataTests.swift; sourceTree = "<group>"; };
		4A2A6FF625DFC93D0067EAE0 /* Product.swift */ = {isa = PBXFileReference; lastKnownFileType = sourcecode.swift; path = Product.swift; sourceTree = "<group>"; };
		4A2E569F25ECF66F0055611A /* AddReview.swift */ = {isa = PBXFileReference; lastKnownFileType = sourcecode.swift; path = AddReview.swift; sourceTree = "<group>"; };
		4A2E56A925ECF6AC0055611A /* AddReviewRequestFactory.swift */ = {isa = PBXFileReference; lastKnownFileType = sourcecode.swift; path = AddReviewRequestFactory.swift; sourceTree = "<group>"; };
		4A2E56AE25ECF6BF0055611A /* RemoveReviewRequestFactory.swift */ = {isa = PBXFileReference; lastKnownFileType = sourcecode.swift; path = RemoveReviewRequestFactory.swift; sourceTree = "<group>"; };
		4A2E56B325ECF6C50055611A /* RemoveReview.swift */ = {isa = PBXFileReference; lastKnownFileType = sourcecode.swift; path = RemoveReview.swift; sourceTree = "<group>"; };
		4A2E56B825ECF6E70055611A /* ReviewListRequestFactory.swift */ = {isa = PBXFileReference; lastKnownFileType = sourcecode.swift; path = ReviewListRequestFactory.swift; sourceTree = "<group>"; };
		4A2E56BD25ECF6ED0055611A /* ReviewList.swift */ = {isa = PBXFileReference; lastKnownFileType = sourcecode.swift; path = ReviewList.swift; sourceTree = "<group>"; };
		4A2E56C525ECF7720055611A /* AddReviewResult.swift */ = {isa = PBXFileReference; lastKnownFileType = sourcecode.swift; path = AddReviewResult.swift; sourceTree = "<group>"; };
		4A2E56CD25ECFE790055611A /* RemoveReviewResult.swift */ = {isa = PBXFileReference; lastKnownFileType = sourcecode.swift; path = RemoveReviewResult.swift; sourceTree = "<group>"; };
		4A2E56D225ECFFB50055611A /* ReviewListResult.swift */ = {isa = PBXFileReference; lastKnownFileType = sourcecode.swift; path = ReviewListResult.swift; sourceTree = "<group>"; };
		4A2E56D725ECFFF50055611A /* Review.swift */ = {isa = PBXFileReference; lastKnownFileType = sourcecode.swift; path = Review.swift; sourceTree = "<group>"; };
		4A2E56DC25ED01590055611A /* AddReviewTests.swift */ = {isa = PBXFileReference; lastKnownFileType = sourcecode.swift; path = AddReviewTests.swift; sourceTree = "<group>"; };
		4A2E56E125ED02E50055611A /* RemoveReviewTests.swift */ = {isa = PBXFileReference; lastKnownFileType = sourcecode.swift; path = RemoveReviewTests.swift; sourceTree = "<group>"; };
		4A2E56E625ED041B0055611A /* ReviewListTests.swift */ = {isa = PBXFileReference; lastKnownFileType = sourcecode.swift; path = ReviewListTests.swift; sourceTree = "<group>"; };
		4A5BF25D25FAC2E2002E6FA8 /* PayBasket.swift */ = {isa = PBXFileReference; fileEncoding = 4; lastKnownFileType = sourcecode.swift; path = PayBasket.swift; sourceTree = "<group>"; };
		4A5BF25E25FAC2E2002E6FA8 /* PayBasketRequestFactory.swift */ = {isa = PBXFileReference; fileEncoding = 4; lastKnownFileType = sourcecode.swift; path = PayBasketRequestFactory.swift; sourceTree = "<group>"; };
		4A5BF26025FAC2E3002E6FA8 /* AddToBasket.swift */ = {isa = PBXFileReference; fileEncoding = 4; lastKnownFileType = sourcecode.swift; path = AddToBasket.swift; sourceTree = "<group>"; };
		4A5BF26125FAC2E3002E6FA8 /* AddToBasketRequestFactory.swift */ = {isa = PBXFileReference; fileEncoding = 4; lastKnownFileType = sourcecode.swift; path = AddToBasketRequestFactory.swift; sourceTree = "<group>"; };
		4A5BF26325FAC2E3002E6FA8 /* DeleteFromBasket.swift */ = {isa = PBXFileReference; fileEncoding = 4; lastKnownFileType = sourcecode.swift; path = DeleteFromBasket.swift; sourceTree = "<group>"; };
		4A5BF26425FAC2E3002E6FA8 /* DeleteFromBasketRequestFactory.swift */ = {isa = PBXFileReference; fileEncoding = 4; lastKnownFileType = sourcecode.swift; path = DeleteFromBasketRequestFactory.swift; sourceTree = "<group>"; };
		4A5BF26E25FAC309002E6FA8 /* PayBasketResult.swift */ = {isa = PBXFileReference; fileEncoding = 4; lastKnownFileType = sourcecode.swift; path = PayBasketResult.swift; sourceTree = "<group>"; };
		4A5BF27325FAC310002E6FA8 /* DeleteFromBasketResult.swift */ = {isa = PBXFileReference; fileEncoding = 4; lastKnownFileType = sourcecode.swift; path = DeleteFromBasketResult.swift; sourceTree = "<group>"; };
		4A5BF27825FAC316002E6FA8 /* AddToBasketResult.swift */ = {isa = PBXFileReference; fileEncoding = 4; lastKnownFileType = sourcecode.swift; path = AddToBasketResult.swift; sourceTree = "<group>"; };
		4A5BF27D25FAC350002E6FA8 /* PayBasketTests.swift */ = {isa = PBXFileReference; fileEncoding = 4; lastKnownFileType = sourcecode.swift; path = PayBasketTests.swift; sourceTree = "<group>"; };
		4A5BF28525FAC354002E6FA8 /* DeleteFromBasketTests.swift */ = {isa = PBXFileReference; fileEncoding = 4; lastKnownFileType = sourcecode.swift; path = DeleteFromBasketTests.swift; sourceTree = "<group>"; };
		4A5BF28D25FAC358002E6FA8 /* AddToBasketTests.swift */ = {isa = PBXFileReference; fileEncoding = 4; lastKnownFileType = sourcecode.swift; path = AddToBasketTests.swift; sourceTree = "<group>"; };
		4A75730E2608FBDE00EAD784 /* CatalogCollectionViewController.swift */ = {isa = PBXFileReference; fileEncoding = 4; lastKnownFileType = sourcecode.swift; path = CatalogCollectionViewController.swift; sourceTree = "<group>"; };
		4A7573102608FBDE00EAD784 /* CatalogCellModel.swift */ = {isa = PBXFileReference; fileEncoding = 4; lastKnownFileType = sourcecode.swift; path = CatalogCellModel.swift; sourceTree = "<group>"; };
		4A7573112608FBDE00EAD784 /* CatalogCellModelFactory.swift */ = {isa = PBXFileReference; fileEncoding = 4; lastKnownFileType = sourcecode.swift; path = CatalogCellModelFactory.swift; sourceTree = "<group>"; };
		4A7573132608FBDE00EAD784 /* CatalogPresentationStyle.swift */ = {isa = PBXFileReference; fileEncoding = 4; lastKnownFileType = sourcecode.swift; path = CatalogPresentationStyle.swift; sourceTree = "<group>"; };
		4A7573162608FBDE00EAD784 /* DefaultGriddedContentCollectionViewDelegate.swift */ = {isa = PBXFileReference; fileEncoding = 4; lastKnownFileType = sourcecode.swift; path = DefaultGriddedContentCollectionViewDelegate.swift; sourceTree = "<group>"; };
		4A7573172608FBDE00EAD784 /* TabledContentCollectionViewDelegate.swift */ = {isa = PBXFileReference; fileEncoding = 4; lastKnownFileType = sourcecode.swift; path = TabledContentCollectionViewDelegate.swift; sourceTree = "<group>"; };
		4A7573182608FBDE00EAD784 /* DefaultCollectionViewDelegate.swift */ = {isa = PBXFileReference; fileEncoding = 4; lastKnownFileType = sourcecode.swift; path = DefaultCollectionViewDelegate.swift; sourceTree = "<group>"; };
		4A7573192608FBDE00EAD784 /* CatalogCollectionViewCell.swift */ = {isa = PBXFileReference; fileEncoding = 4; lastKnownFileType = sourcecode.swift; path = CatalogCollectionViewCell.swift; sourceTree = "<group>"; };
		4A75731A2608FBDE00EAD784 /* CatalogView.swift */ = {isa = PBXFileReference; fileEncoding = 4; lastKnownFileType = sourcecode.swift; path = CatalogView.swift; sourceTree = "<group>"; };
		4A77E109260024F80015D791 /* MainTabBarController.swift */ = {isa = PBXFileReference; fileEncoding = 4; lastKnownFileType = sourcecode.swift; path = MainTabBarController.swift; sourceTree = "<group>"; };
		4A77E111260025330015D791 /* ChangeDataView.swift */ = {isa = PBXFileReference; fileEncoding = 4; lastKnownFileType = sourcecode.swift; path = ChangeDataView.swift; sourceTree = "<group>"; };
		4A77E1172600253A0015D791 /* AuthView.swift */ = {isa = PBXFileReference; fileEncoding = 4; lastKnownFileType = sourcecode.swift; path = AuthView.swift; sourceTree = "<group>"; };
		4A77E1182600253A0015D791 /* LogoView.swift */ = {isa = PBXFileReference; fileEncoding = 4; lastKnownFileType = sourcecode.swift; path = LogoView.swift; sourceTree = "<group>"; };
		4A77E1192600253A0015D791 /* RegisterView.swift */ = {isa = PBXFileReference; fileEncoding = 4; lastKnownFileType = sourcecode.swift; path = RegisterView.swift; sourceTree = "<group>"; };
		4A77E121260025510015D791 /* ChangeDataViewController.swift */ = {isa = PBXFileReference; fileEncoding = 4; lastKnownFileType = sourcecode.swift; path = ChangeDataViewController.swift; sourceTree = "<group>"; };
		4A77E127260025590015D791 /* AuthViewController.swift */ = {isa = PBXFileReference; fileEncoding = 4; lastKnownFileType = sourcecode.swift; path = AuthViewController.swift; sourceTree = "<group>"; };
		4A77E128260025590015D791 /* RegisterViewController.swift */ = {isa = PBXFileReference; fileEncoding = 4; lastKnownFileType = sourcecode.swift; path = RegisterViewController.swift; sourceTree = "<group>"; };
		4A77E12F260025740015D791 /* AuthService.swift */ = {isa = PBXFileReference; fileEncoding = 4; lastKnownFileType = sourcecode.swift; path = AuthService.swift; sourceTree = "<group>"; };
		4A77E135260025D20015D791 /* loginLottie.json */ = {isa = PBXFileReference; fileEncoding = 4; lastKnownFileType = text.json; path = loginLottie.json; sourceTree = "<group>"; };
		4A77E13B260025E00015D791 /* AuthValidators.swift */ = {isa = PBXFileReference; fileEncoding = 4; lastKnownFileType = sourcecode.swift; path = AuthValidators.swift; sourceTree = "<group>"; };
		4A77E13C260025E00015D791 /* RegisterErrors.swift */ = {isa = PBXFileReference; fileEncoding = 4; lastKnownFileType = sourcecode.swift; path = RegisterErrors.swift; sourceTree = "<group>"; };
		4A77E143260025EA0015D791 /* UILabel + Extension.swift */ = {isa = PBXFileReference; fileEncoding = 4; lastKnownFileType = sourcecode.swift; path = "UILabel + Extension.swift"; sourceTree = "<group>"; };
		4A77E144260025EA0015D791 /* UIImageView + Extension.swift */ = {isa = PBXFileReference; fileEncoding = 4; lastKnownFileType = sourcecode.swift; path = "UIImageView + Extension.swift"; sourceTree = "<group>"; };
		4A77E145260025EA0015D791 /* StackView + Entension.swift */ = {isa = PBXFileReference; fileEncoding = 4; lastKnownFileType = sourcecode.swift; path = "StackView + Entension.swift"; sourceTree = "<group>"; };
		4A77E146260025EA0015D791 /* UIViewController + Extension.swift */ = {isa = PBXFileReference; fileEncoding = 4; lastKnownFileType = sourcecode.swift; path = "UIViewController + Extension.swift"; sourceTree = "<group>"; };
		4A77E147260025EA0015D791 /* UIButton + Extension.swift */ = {isa = PBXFileReference; fileEncoding = 4; lastKnownFileType = sourcecode.swift; path = "UIButton + Extension.swift"; sourceTree = "<group>"; };
		4A77E148260025EA0015D791 /* UIScrollView + Extension.swift */ = {isa = PBXFileReference; fileEncoding = 4; lastKnownFileType = sourcecode.swift; path = "UIScrollView + Extension.swift"; sourceTree = "<group>"; };
		4A77E149260025EA0015D791 /* UIFont + Extensions.swift */ = {isa = PBXFileReference; fileEncoding = 4; lastKnownFileType = sourcecode.swift; path = "UIFont + Extensions.swift"; sourceTree = "<group>"; };
		4A77E14A260025EA0015D791 /* UITextField + Extension.swift */ = {isa = PBXFileReference; fileEncoding = 4; lastKnownFileType = sourcecode.swift; path = "UITextField + Extension.swift"; sourceTree = "<group>"; };
		4A77E15C260027970015D791 /* AuthValidatorsTests.swift */ = {isa = PBXFileReference; fileEncoding = 4; lastKnownFileType = sourcecode.swift; path = AuthValidatorsTests.swift; sourceTree = "<group>"; };
		4A77E1612600279B0015D791 /* AuthServiceTests.swift */ = {isa = PBXFileReference; fileEncoding = 4; lastKnownFileType = sourcecode.swift; path = AuthServiceTests.swift; sourceTree = "<group>"; };
		4A84DA2C25D299A400C57241 /* GBShop.app */ = {isa = PBXFileReference; explicitFileType = wrapper.application; includeInIndex = 0; path = GBShop.app; sourceTree = BUILT_PRODUCTS_DIR; };
		4A84DA2F25D299A400C57241 /* AppDelegate.swift */ = {isa = PBXFileReference; lastKnownFileType = sourcecode.swift; path = AppDelegate.swift; sourceTree = "<group>"; };
		4A84DA3125D299A400C57241 /* SceneDelegate.swift */ = {isa = PBXFileReference; lastKnownFileType = sourcecode.swift; path = SceneDelegate.swift; sourceTree = "<group>"; };
		4A84DA3825D299A400C57241 /* Assets.xcassets */ = {isa = PBXFileReference; lastKnownFileType = folder.assetcatalog; path = Assets.xcassets; sourceTree = "<group>"; };
		4A84DA3B25D299A400C57241 /* Base */ = {isa = PBXFileReference; lastKnownFileType = file.storyboard; name = Base; path = Base.lproj/LaunchScreen.storyboard; sourceTree = "<group>"; };
		4A84DA3D25D299A400C57241 /* Info.plist */ = {isa = PBXFileReference; lastKnownFileType = text.plist.xml; path = Info.plist; sourceTree = "<group>"; };
		4A84DA4225D299A400C57241 /* GBShopTests.xctest */ = {isa = PBXFileReference; explicitFileType = wrapper.cfbundle; includeInIndex = 0; path = GBShopTests.xctest; sourceTree = BUILT_PRODUCTS_DIR; };
		4A84DA4625D299A400C57241 /* GBShopTests.swift */ = {isa = PBXFileReference; lastKnownFileType = sourcecode.swift; path = GBShopTests.swift; sourceTree = "<group>"; };
		4A84DA4825D299A400C57241 /* Info.plist */ = {isa = PBXFileReference; lastKnownFileType = text.plist.xml; path = Info.plist; sourceTree = "<group>"; };
		4A84DA4D25D299A400C57241 /* GBShopUITests.xctest */ = {isa = PBXFileReference; explicitFileType = wrapper.cfbundle; includeInIndex = 0; path = GBShopUITests.xctest; sourceTree = BUILT_PRODUCTS_DIR; };
		4A84DA5125D299A400C57241 /* GBShopUITests.swift */ = {isa = PBXFileReference; lastKnownFileType = sourcecode.swift; path = GBShopUITests.swift; sourceTree = "<group>"; };
		4A84DA5325D299A400C57241 /* Info.plist */ = {isa = PBXFileReference; lastKnownFileType = text.plist.xml; path = Info.plist; sourceTree = "<group>"; };
		4A8E874F26035F7600024CCF /* LoadingView.swift */ = {isa = PBXFileReference; fileEncoding = 4; lastKnownFileType = sourcecode.swift; path = LoadingView.swift; sourceTree = "<group>"; };
		4A8E875426035F8300024CCF /* loadingCat.json */ = {isa = PBXFileReference; fileEncoding = 4; lastKnownFileType = text.json; path = loadingCat.json; sourceTree = "<group>"; };
		4A9CAC1225ECDC4600E427A8 /* ProductRequestFactory.swift */ = {isa = PBXFileReference; lastKnownFileType = sourcecode.swift; path = ProductRequestFactory.swift; sourceTree = "<group>"; };
		4A9CAC1725ECDC5800E427A8 /* ProductFromCatalog.swift */ = {isa = PBXFileReference; lastKnownFileType = sourcecode.swift; path = ProductFromCatalog.swift; sourceTree = "<group>"; };
		4A9CAC1C25ECDD0C00E427A8 /* ProductWithDecription.swift */ = {isa = PBXFileReference; lastKnownFileType = sourcecode.swift; path = ProductWithDecription.swift; sourceTree = "<group>"; };
		4A9CAC2125ECE28D00E427A8 /* ProductFromCatalogTests.swift */ = {isa = PBXFileReference; lastKnownFileType = sourcecode.swift; path = ProductFromCatalogTests.swift; sourceTree = "<group>"; };
		4AC3264B25D7DF8C0023702A /* AbstractErrorParser.swift */ = {isa = PBXFileReference; lastKnownFileType = sourcecode.swift; path = AbstractErrorParser.swift; sourceTree = "<group>"; };
		4AC3265025D7DFEC0023702A /* ErrorParser.swift */ = {isa = PBXFileReference; lastKnownFileType = sourcecode.swift; path = ErrorParser.swift; sourceTree = "<group>"; };
		4AC3265625D7E0240023702A /* DataRequest.swift */ = {isa = PBXFileReference; lastKnownFileType = sourcecode.swift; path = DataRequest.swift; sourceTree = "<group>"; };
		4AC3265E25D7E34D0023702A /* RequestRouter.swift */ = {isa = PBXFileReference; lastKnownFileType = sourcecode.swift; path = RequestRouter.swift; sourceTree = "<group>"; };
		4AC3266325D7E3C60023702A /* LoginResult.swift */ = {isa = PBXFileReference; lastKnownFileType = sourcecode.swift; path = LoginResult.swift; sourceTree = "<group>"; };
		4AC3266825D7E3D10023702A /* User.swift */ = {isa = PBXFileReference; lastKnownFileType = sourcecode.swift; path = User.swift; sourceTree = "<group>"; };
		4AC3266E25D7E4790023702A /* AuthRequestFactory.swift */ = {isa = PBXFileReference; lastKnownFileType = sourcecode.swift; path = AuthRequestFactory.swift; sourceTree = "<group>"; };
		4AC3267325D7E49F0023702A /* Auth.swift */ = {isa = PBXFileReference; lastKnownFileType = sourcecode.swift; path = Auth.swift; sourceTree = "<group>"; };
		4AC3267825D7E5110023702A /* RequestFactory.swift */ = {isa = PBXFileReference; lastKnownFileType = sourcecode.swift; path = RequestFactory.swift; sourceTree = "<group>"; };
		4AC3267D25D7E6560023702A /* AbstractRequestFactory.swift */ = {isa = PBXFileReference; lastKnownFileType = sourcecode.swift; path = AbstractRequestFactory.swift; sourceTree = "<group>"; };
		4AC3268225D7F5B80023702A /* RegistrationResult.swift */ = {isa = PBXFileReference; lastKnownFileType = sourcecode.swift; path = RegistrationResult.swift; sourceTree = "<group>"; };
		4AC3268725D7F62B0023702A /* Registration.swift */ = {isa = PBXFileReference; lastKnownFileType = sourcecode.swift; path = Registration.swift; sourceTree = "<group>"; };
		4AC3268C25D7F6520023702A /* RegistrationRequestFactory.swift */ = {isa = PBXFileReference; lastKnownFileType = sourcecode.swift; path = RegistrationRequestFactory.swift; sourceTree = "<group>"; };
		4AC3269D25D8085B0023702A /* ChangeUserData.swift */ = {isa = PBXFileReference; lastKnownFileType = sourcecode.swift; path = ChangeUserData.swift; sourceTree = "<group>"; };
		4AC326A525D8087E0023702A /* ChangeUserDataRequestFactory.swift */ = {isa = PBXFileReference; lastKnownFileType = sourcecode.swift; path = ChangeUserDataRequestFactory.swift; sourceTree = "<group>"; };
		4AC326AB25D808AB0023702A /* ChangeUserDataResult.swift */ = {isa = PBXFileReference; lastKnownFileType = sourcecode.swift; path = ChangeUserDataResult.swift; sourceTree = "<group>"; };
		4AC326B325D80C700023702A /* LogoutResult.swift */ = {isa = PBXFileReference; lastKnownFileType = sourcecode.swift; path = LogoutResult.swift; sourceTree = "<group>"; };
		4AC326D725D820430023702A /* LogoutRequestFactory.swift */ = {isa = PBXFileReference; lastKnownFileType = sourcecode.swift; path = LogoutRequestFactory.swift; sourceTree = "<group>"; };
		4AC326DC25D8205F0023702A /* Logout.swift */ = {isa = PBXFileReference; lastKnownFileType = sourcecode.swift; path = Logout.swift; sourceTree = "<group>"; };
/* End PBXFileReference section */

/* Begin PBXFrameworksBuildPhase section */
		4A84DA2925D299A400C57241 /* Frameworks */ = {
			isa = PBXFrameworksBuildPhase;
			buildActionMask = 2147483647;
			files = (
				4A75732C2608FCC900EAD784 /* Kingfisher in Frameworks */,
				4AC3264625D7DB820023702A /* Alamofire in Frameworks */,
				4A77E158260026370015D791 /* Lottie in Frameworks */,
			);
			runOnlyForDeploymentPostprocessing = 0;
		};
		4A84DA3F25D299A400C57241 /* Frameworks */ = {
			isa = PBXFrameworksBuildPhase;
			buildActionMask = 2147483647;
			files = (
			);
			runOnlyForDeploymentPostprocessing = 0;
		};
		4A84DA4A25D299A400C57241 /* Frameworks */ = {
			isa = PBXFrameworksBuildPhase;
			buildActionMask = 2147483647;
			files = (
			);
			runOnlyForDeploymentPostprocessing = 0;
		};
/* End PBXFrameworksBuildPhase section */

/* Begin PBXGroup section */
		4A2A6FCA25DFAA870067EAE0 /* Catalog */ = {
			isa = PBXGroup;
			children = (
				4A9CAC1125ECD79A00E427A8 /* ProductFromCatalog */,
				4A9CAC1025ECD78700E427A8 /* CatalogList */,
			);
			path = Catalog;
			sourceTree = "<group>";
		};
		4A2E569725ECEBC00055611A /* Reviews */ = {
			isa = PBXGroup;
			children = (
				4A2E569D25ECF6480055611A /* GetReviewList */,
				4A2E569C25ECF62C0055611A /* RemoveReview */,
				4A2E569B25ECF6240055611A /* AddReview */,
			);
			path = Reviews;
			sourceTree = "<group>";
		};
		4A2E569B25ECF6240055611A /* AddReview */ = {
			isa = PBXGroup;
			children = (
				4A2E569F25ECF66F0055611A /* AddReview.swift */,
				4A2E56A925ECF6AC0055611A /* AddReviewRequestFactory.swift */,
			);
			path = AddReview;
			sourceTree = "<group>";
		};
		4A2E569C25ECF62C0055611A /* RemoveReview */ = {
			isa = PBXGroup;
			children = (
				4A2E56AE25ECF6BF0055611A /* RemoveReviewRequestFactory.swift */,
				4A2E56B325ECF6C50055611A /* RemoveReview.swift */,
			);
			path = RemoveReview;
			sourceTree = "<group>";
		};
		4A2E569D25ECF6480055611A /* GetReviewList */ = {
			isa = PBXGroup;
			children = (
				4A2E56B825ECF6E70055611A /* ReviewListRequestFactory.swift */,
				4A2E56BD25ECF6ED0055611A /* ReviewList.swift */,
			);
			path = GetReviewList;
			sourceTree = "<group>";
		};
		4A5BF25B25FAC2E2002E6FA8 /* Basket */ = {
			isa = PBXGroup;
			children = (
				4A5BF25C25FAC2E2002E6FA8 /* PayBasket */,
				4A5BF25F25FAC2E3002E6FA8 /* AddToBasket */,
				4A5BF26225FAC2E3002E6FA8 /* DeleteFromBasket */,
			);
			path = Basket;
			sourceTree = "<group>";
		};
		4A5BF25C25FAC2E2002E6FA8 /* PayBasket */ = {
			isa = PBXGroup;
			children = (
				4A5BF25D25FAC2E2002E6FA8 /* PayBasket.swift */,
				4A5BF25E25FAC2E2002E6FA8 /* PayBasketRequestFactory.swift */,
			);
			path = PayBasket;
			sourceTree = "<group>";
		};
		4A5BF25F25FAC2E3002E6FA8 /* AddToBasket */ = {
			isa = PBXGroup;
			children = (
				4A5BF26025FAC2E3002E6FA8 /* AddToBasket.swift */,
				4A5BF26125FAC2E3002E6FA8 /* AddToBasketRequestFactory.swift */,
			);
			path = AddToBasket;
			sourceTree = "<group>";
		};
		4A5BF26225FAC2E3002E6FA8 /* DeleteFromBasket */ = {
			isa = PBXGroup;
			children = (
				4A5BF26325FAC2E3002E6FA8 /* DeleteFromBasket.swift */,
				4A5BF26425FAC2E3002E6FA8 /* DeleteFromBasketRequestFactory.swift */,
			);
			path = DeleteFromBasket;
			sourceTree = "<group>";
		};
		4A6535E925D2A55D003A7674 /* App */ = {
			isa = PBXGroup;
			children = (
				4A84DA2F25D299A400C57241 /* AppDelegate.swift */,
				4A84DA3125D299A400C57241 /* SceneDelegate.swift */,
				4A6535ED25D2A59A003A7674 /* Flows */,
				4A6535EA25D2A57B003A7674 /* BusinessLogic */,
				4A6535EC25D2A58E003A7674 /* Assembly */,
				4A6535EB25D2A57F003A7674 /* Entity */,
			);
			path = App;
			sourceTree = "<group>";
		};
		4A6535EA25D2A57B003A7674 /* BusinessLogic */ = {
			isa = PBXGroup;
			children = (
				4A77E12E260025740015D791 /* AuthService */,
				4AC3266D25D7E43A0023702A /* Network */,
			);
			path = BusinessLogic;
			sourceTree = "<group>";
		};
		4A6535EB25D2A57F003A7674 /* Entity */ = {
			isa = PBXGroup;
			children = (
				4AC3266325D7E3C60023702A /* LoginResult.swift */,
				4A2A6FDE25DFAB450067EAE0 /* CatalogResult.swift */,
				4AC326B325D80C700023702A /* LogoutResult.swift */,
				4AC3266825D7E3D10023702A /* User.swift */,
				4AC3268225D7F5B80023702A /* RegistrationResult.swift */,
				4AC326AB25D808AB0023702A /* ChangeUserDataResult.swift */,
				4A2A6FF625DFC93D0067EAE0 /* Product.swift */,
				4A9CAC1C25ECDD0C00E427A8 /* ProductWithDecription.swift */,
				4A2E56C525ECF7720055611A /* AddReviewResult.swift */,
				4A2E56CD25ECFE790055611A /* RemoveReviewResult.swift */,
				4A2E56D225ECFFB50055611A /* ReviewListResult.swift */,
				4A2E56D725ECFFF50055611A /* Review.swift */,
				4A5BF26E25FAC309002E6FA8 /* PayBasketResult.swift */,
				4A5BF27325FAC310002E6FA8 /* DeleteFromBasketResult.swift */,
				4A5BF27825FAC316002E6FA8 /* AddToBasketResult.swift */,
			);
			path = Entity;
			sourceTree = "<group>";
		};
		4A6535EC25D2A58E003A7674 /* Assembly */ = {
			isa = PBXGroup;
			children = (
			);
			path = Assembly;
			sourceTree = "<group>";
		};
		4A6535ED25D2A59A003A7674 /* Flows */ = {
			isa = PBXGroup;
			children = (
				4A75730C2608FBDE00EAD784 /* CatalogController */,
				4A77E108260024F80015D791 /* MainTabBarController */,
				4A77E10E260025060015D791 /* View */,
				4A77E10F2600250B0015D791 /* Controller */,
			);
			path = Flows;
			sourceTree = "<group>";
		};
		4A6535EE25D2A59D003A7674 /* Core */ = {
			isa = PBXGroup;
			children = (
				4A77E142260025EA0015D791 /* Extensions */,
				4A77E13A260025E00015D791 /* Helpers */,
				4AC3264A25D7DF4D0023702A /* Network */,
			);
			path = Core;
			sourceTree = "<group>";
		};
		4A6535EF25D2A5AD003A7674 /* Resources */ = {
			isa = PBXGroup;
			children = (
				4A77E134260025D20015D791 /* Lottie */,
				4A84DA3825D299A400C57241 /* Assets.xcassets */,
				4A84DA3A25D299A400C57241 /* LaunchScreen.storyboard */,
			);
			path = Resources;
			sourceTree = "<group>";
		};
		4A6535F025D2A5B5003A7674 /* Environments */ = {
			isa = PBXGroup;
			children = (
				4A84DA3D25D299A400C57241 /* Info.plist */,
			);
			path = Environments;
			sourceTree = "<group>";
		};
		4A75730C2608FBDE00EAD784 /* CatalogController */ = {
			isa = PBXGroup;
			children = (
				4A7573142608FBDE00EAD784 /* View */,
				4A75730D2608FBDE00EAD784 /* Controller */,
			);
			path = CatalogController;
			sourceTree = "<group>";
		};
		4A75730D2608FBDE00EAD784 /* Controller */ = {
			isa = PBXGroup;
			children = (
				4A75730E2608FBDE00EAD784 /* CatalogCollectionViewController.swift */,
				4A75730F2608FBDE00EAD784 /* CatalogCellModelFactory */,
				4A7573122608FBDE00EAD784 /* CatalogPresentationStyle */,
			);
			path = Controller;
			sourceTree = "<group>";
		};
		4A75730F2608FBDE00EAD784 /* CatalogCellModelFactory */ = {
			isa = PBXGroup;
			children = (
				4A7573102608FBDE00EAD784 /* CatalogCellModel.swift */,
				4A7573112608FBDE00EAD784 /* CatalogCellModelFactory.swift */,
			);
			path = CatalogCellModelFactory;
			sourceTree = "<group>";
		};
		4A7573122608FBDE00EAD784 /* CatalogPresentationStyle */ = {
			isa = PBXGroup;
			children = (
				4A7573132608FBDE00EAD784 /* CatalogPresentationStyle.swift */,
			);
			path = CatalogPresentationStyle;
			sourceTree = "<group>";
		};
		4A7573142608FBDE00EAD784 /* View */ = {
			isa = PBXGroup;
			children = (
				4A7573152608FBDE00EAD784 /* Collection FlowLayouts */,
				4A7573192608FBDE00EAD784 /* CatalogCollectionViewCell.swift */,
				4A75731A2608FBDE00EAD784 /* CatalogView.swift */,
			);
			path = View;
			sourceTree = "<group>";
		};
		4A7573152608FBDE00EAD784 /* Collection FlowLayouts */ = {
			isa = PBXGroup;
			children = (
				4A7573162608FBDE00EAD784 /* DefaultGriddedContentCollectionViewDelegate.swift */,
				4A7573172608FBDE00EAD784 /* TabledContentCollectionViewDelegate.swift */,
				4A7573182608FBDE00EAD784 /* DefaultCollectionViewDelegate.swift */,
			);
			path = "Collection FlowLayouts";
			sourceTree = "<group>";
		};
		4A77E108260024F80015D791 /* MainTabBarController */ = {
			isa = PBXGroup;
			children = (
				4A77E109260024F80015D791 /* MainTabBarController.swift */,
			);
			path = MainTabBarController;
			sourceTree = "<group>";
		};
		4A77E10E260025060015D791 /* View */ = {
			isa = PBXGroup;
			children = (
				4A8E874E26035F7600024CCF /* LoadingView */,
				4A77E1162600253A0015D791 /* Auth */,
				4A77E110260025330015D791 /* ChangeUserData */,
			);
			path = View;
			sourceTree = "<group>";
		};
		4A77E10F2600250B0015D791 /* Controller */ = {
			isa = PBXGroup;
			children = (
				4A77E126260025590015D791 /* Auth */,
				4A77E120260025510015D791 /* ChangeUserData */,
			);
			path = Controller;
			sourceTree = "<group>";
		};
		4A77E110260025330015D791 /* ChangeUserData */ = {
			isa = PBXGroup;
			children = (
				4A77E111260025330015D791 /* ChangeDataView.swift */,
			);
			path = ChangeUserData;
			sourceTree = "<group>";
		};
		4A77E1162600253A0015D791 /* Auth */ = {
			isa = PBXGroup;
			children = (
				4A77E1172600253A0015D791 /* AuthView.swift */,
				4A77E1182600253A0015D791 /* LogoView.swift */,
				4A77E1192600253A0015D791 /* RegisterView.swift */,
			);
			path = Auth;
			sourceTree = "<group>";
		};
		4A77E120260025510015D791 /* ChangeUserData */ = {
			isa = PBXGroup;
			children = (
				4A77E121260025510015D791 /* ChangeDataViewController.swift */,
			);
			path = ChangeUserData;
			sourceTree = "<group>";
		};
		4A77E126260025590015D791 /* Auth */ = {
			isa = PBXGroup;
			children = (
				4A77E127260025590015D791 /* AuthViewController.swift */,
				4A77E128260025590015D791 /* RegisterViewController.swift */,
			);
			path = Auth;
			sourceTree = "<group>";
		};
		4A77E12E260025740015D791 /* AuthService */ = {
			isa = PBXGroup;
			children = (
				4A77E12F260025740015D791 /* AuthService.swift */,
			);
			path = AuthService;
			sourceTree = "<group>";
		};
		4A77E134260025D20015D791 /* Lottie */ = {
			isa = PBXGroup;
			children = (
				4A8E875426035F8300024CCF /* loadingCat.json */,
				4A77E135260025D20015D791 /* loginLottie.json */,
			);
			path = Lottie;
			sourceTree = "<group>";
		};
		4A77E13A260025E00015D791 /* Helpers */ = {
			isa = PBXGroup;
			children = (
				4A77E13B260025E00015D791 /* AuthValidators.swift */,
				4A77E13C260025E00015D791 /* RegisterErrors.swift */,
			);
			path = Helpers;
			sourceTree = "<group>";
		};
		4A77E142260025EA0015D791 /* Extensions */ = {
			isa = PBXGroup;
			children = (
				4A77E143260025EA0015D791 /* UILabel + Extension.swift */,
				4A77E144260025EA0015D791 /* UIImageView + Extension.swift */,
				4A77E145260025EA0015D791 /* StackView + Entension.swift */,
				4A77E146260025EA0015D791 /* UIViewController + Extension.swift */,
				4A77E147260025EA0015D791 /* UIButton + Extension.swift */,
				4A77E148260025EA0015D791 /* UIScrollView + Extension.swift */,
				4A77E149260025EA0015D791 /* UIFont + Extensions.swift */,
				4A77E14A260025EA0015D791 /* UITextField + Extension.swift */,
			);
			path = Extensions;
			sourceTree = "<group>";
		};
		4A84DA2325D299A400C57241 = {
			isa = PBXGroup;
			children = (
				4A84DA2E25D299A400C57241 /* GBShop */,
				4A84DA4525D299A400C57241 /* GBShopTests */,
				4A84DA5025D299A400C57241 /* GBShopUITests */,
				4A84DA2D25D299A400C57241 /* Products */,
			);
			sourceTree = "<group>";
		};
		4A84DA2D25D299A400C57241 /* Products */ = {
			isa = PBXGroup;
			children = (
				4A84DA2C25D299A400C57241 /* GBShop.app */,
				4A84DA4225D299A400C57241 /* GBShopTests.xctest */,
				4A84DA4D25D299A400C57241 /* GBShopUITests.xctest */,
			);
			name = Products;
			sourceTree = "<group>";
		};
		4A84DA2E25D299A400C57241 /* GBShop */ = {
			isa = PBXGroup;
			children = (
				4A6535E925D2A55D003A7674 /* App */,
				4A6535F025D2A5B5003A7674 /* Environments */,
				4A6535EF25D2A5AD003A7674 /* Resources */,
				4A6535EE25D2A59D003A7674 /* Core */,
			);
			path = GBShop;
			sourceTree = "<group>";
		};
		4A84DA4525D299A400C57241 /* GBShopTests */ = {
			isa = PBXGroup;
			children = (
				4A84DA4625D299A400C57241 /* GBShopTests.swift */,
				4A84DA4825D299A400C57241 /* Info.plist */,
				4A2A6FAC25DFA2640067EAE0 /* AuthTests.swift */,
				4A2A6FB125DFA2960067EAE0 /* LogoutTests.swift */,
				4A2A6FB625DFA2EA0067EAE0 /* RegistrationTests.swift */,
				4A2A6FC025DFA35D0067EAE0 /* ChangeUserDataTests.swift */,
				4A2A6FC525DFA37B0067EAE0 /* ResponseCodable.swift */,
				4A2A6FF125DFC3CC0067EAE0 /* CatalogDataTests.swift */,
				4A2A6FBB25DFA31D0067EAE0 /* RequestFactoryTests.swift */,
				4A9CAC2125ECE28D00E427A8 /* ProductFromCatalogTests.swift */,
				4A2E56DC25ED01590055611A /* AddReviewTests.swift */,
				4A2E56E125ED02E50055611A /* RemoveReviewTests.swift */,
				4A2E56E625ED041B0055611A /* ReviewListTests.swift */,
				4A5BF27D25FAC350002E6FA8 /* PayBasketTests.swift */,
				4A5BF28525FAC354002E6FA8 /* DeleteFromBasketTests.swift */,
				4A5BF28D25FAC358002E6FA8 /* AddToBasketTests.swift */,
				4A77E1612600279B0015D791 /* AuthServiceTests.swift */,
				4A77E15C260027970015D791 /* AuthValidatorsTests.swift */,
			);
			path = GBShopTests;
			sourceTree = "<group>";
		};
		4A84DA5025D299A400C57241 /* GBShopUITests */ = {
			isa = PBXGroup;
			children = (
				4A84DA5125D299A400C57241 /* GBShopUITests.swift */,
				4A84DA5325D299A400C57241 /* Info.plist */,
			);
			path = GBShopUITests;
			sourceTree = "<group>";
		};
		4A8E874E26035F7600024CCF /* LoadingView */ = {
			isa = PBXGroup;
			children = (
				4A8E874F26035F7600024CCF /* LoadingView.swift */,
			);
			path = LoadingView;
			sourceTree = "<group>";
		};
		4A9CAC1025ECD78700E427A8 /* CatalogList */ = {
			isa = PBXGroup;
			children = (
				4A2A6FCB25DFAAB30067EAE0 /* CatalogData.swift */,
				4A2A6FD625DFAB010067EAE0 /* CatalogDataRequestFactory.swift */,
			);
			path = CatalogList;
			sourceTree = "<group>";
		};
		4A9CAC1125ECD79A00E427A8 /* ProductFromCatalog */ = {
			isa = PBXGroup;
			children = (
				4A9CAC1225ECDC4600E427A8 /* ProductRequestFactory.swift */,
				4A9CAC1725ECDC5800E427A8 /* ProductFromCatalog.swift */,
			);
			path = ProductFromCatalog;
			sourceTree = "<group>";
		};
		4AB0351B25DAE64000BD2992 /* Auth */ = {
			isa = PBXGroup;
			children = (
				4AC3267325D7E49F0023702A /* Auth.swift */,
				4AC3266E25D7E4790023702A /* AuthRequestFactory.swift */,
			);
			path = Auth;
			sourceTree = "<group>";
		};
		4AB0351C25DAE64F00BD2992 /* Registration */ = {
			isa = PBXGroup;
			children = (
				4AC3268725D7F62B0023702A /* Registration.swift */,
				4AC3268C25D7F6520023702A /* RegistrationRequestFactory.swift */,
			);
			path = Registration;
			sourceTree = "<group>";
		};
		4AB0351D25DAE69600BD2992 /* ChangeUserData */ = {
			isa = PBXGroup;
			children = (
				4AC3269D25D8085B0023702A /* ChangeUserData.swift */,
				4AC326A525D8087E0023702A /* ChangeUserDataRequestFactory.swift */,
			);
			path = ChangeUserData;
			sourceTree = "<group>";
		};
		4AB0351E25DAE6B200BD2992 /* Logout */ = {
			isa = PBXGroup;
			children = (
				4AC326DC25D8205F0023702A /* Logout.swift */,
				4AC326D725D820430023702A /* LogoutRequestFactory.swift */,
			);
			path = Logout;
			sourceTree = "<group>";
		};
		4AC3264A25D7DF4D0023702A /* Network */ = {
			isa = PBXGroup;
			children = (
				4AC3264B25D7DF8C0023702A /* AbstractErrorParser.swift */,
				4AC3265025D7DFEC0023702A /* ErrorParser.swift */,
				4AC3265625D7E0240023702A /* DataRequest.swift */,
				4AC3265E25D7E34D0023702A /* RequestRouter.swift */,
				4AC3267D25D7E6560023702A /* AbstractRequestFactory.swift */,
			);
			path = Network;
			sourceTree = "<group>";
		};
		4AC3266D25D7E43A0023702A /* Network */ = {
			isa = PBXGroup;
			children = (
				4AC3267825D7E5110023702A /* RequestFactory.swift */,
				4A5BF25B25FAC2E2002E6FA8 /* Basket */,
				4A2E569725ECEBC00055611A /* Reviews */,
				4A2A6FCA25DFAA870067EAE0 /* Catalog */,
				4AB0351E25DAE6B200BD2992 /* Logout */,
				4AB0351D25DAE69600BD2992 /* ChangeUserData */,
				4AB0351C25DAE64F00BD2992 /* Registration */,
				4AB0351B25DAE64000BD2992 /* Auth */,
			);
			path = Network;
			sourceTree = "<group>";
		};
/* End PBXGroup section */

/* Begin PBXNativeTarget section */
		4A84DA2B25D299A400C57241 /* GBShop */ = {
			isa = PBXNativeTarget;
			buildConfigurationList = 4A84DA5625D299A400C57241 /* Build configuration list for PBXNativeTarget "GBShop" */;
			buildPhases = (
				4A84DA2825D299A400C57241 /* Sources */,
				4A84DA2925D299A400C57241 /* Frameworks */,
				4A84DA2A25D299A400C57241 /* Resources */,
				4A3CB8E425EE1FAC00FB588A /* ShellScript */,
			);
			buildRules = (
			);
			dependencies = (
			);
			name = GBShop;
			packageProductDependencies = (
				4AC3264525D7DB820023702A /* Alamofire */,
				4A77E157260026370015D791 /* Lottie */,
				4A75732B2608FCC900EAD784 /* Kingfisher */,
			);
			productName = GBShop;
			productReference = 4A84DA2C25D299A400C57241 /* GBShop.app */;
			productType = "com.apple.product-type.application";
		};
		4A84DA4125D299A400C57241 /* GBShopTests */ = {
			isa = PBXNativeTarget;
			buildConfigurationList = 4A84DA5925D299A400C57241 /* Build configuration list for PBXNativeTarget "GBShopTests" */;
			buildPhases = (
				4A84DA3E25D299A400C57241 /* Sources */,
				4A84DA3F25D299A400C57241 /* Frameworks */,
				4A84DA4025D299A400C57241 /* Resources */,
			);
			buildRules = (
			);
			dependencies = (
				4A84DA4425D299A400C57241 /* PBXTargetDependency */,
			);
			name = GBShopTests;
			productName = GBShopTests;
			productReference = 4A84DA4225D299A400C57241 /* GBShopTests.xctest */;
			productType = "com.apple.product-type.bundle.unit-test";
		};
		4A84DA4C25D299A400C57241 /* GBShopUITests */ = {
			isa = PBXNativeTarget;
			buildConfigurationList = 4A84DA5C25D299A400C57241 /* Build configuration list for PBXNativeTarget "GBShopUITests" */;
			buildPhases = (
				4A84DA4925D299A400C57241 /* Sources */,
				4A84DA4A25D299A400C57241 /* Frameworks */,
				4A84DA4B25D299A400C57241 /* Resources */,
			);
			buildRules = (
			);
			dependencies = (
				4A84DA4F25D299A400C57241 /* PBXTargetDependency */,
			);
			name = GBShopUITests;
			productName = GBShopUITests;
			productReference = 4A84DA4D25D299A400C57241 /* GBShopUITests.xctest */;
			productType = "com.apple.product-type.bundle.ui-testing";
		};
/* End PBXNativeTarget section */

/* Begin PBXProject section */
		4A84DA2425D299A400C57241 /* Project object */ = {
			isa = PBXProject;
			attributes = {
				LastSwiftUpdateCheck = 1240;
				LastUpgradeCheck = 1240;
				TargetAttributes = {
					4A84DA2B25D299A400C57241 = {
						CreatedOnToolsVersion = 12.4;
					};
					4A84DA4125D299A400C57241 = {
						CreatedOnToolsVersion = 12.4;
						TestTargetID = 4A84DA2B25D299A400C57241;
					};
					4A84DA4C25D299A400C57241 = {
						CreatedOnToolsVersion = 12.4;
						TestTargetID = 4A84DA2B25D299A400C57241;
					};
				};
			};
			buildConfigurationList = 4A84DA2725D299A400C57241 /* Build configuration list for PBXProject "GBShop" */;
			compatibilityVersion = "Xcode 9.3";
			developmentRegion = en;
			hasScannedForEncodings = 0;
			knownRegions = (
				en,
				Base,
			);
			mainGroup = 4A84DA2325D299A400C57241;
			packageReferences = (
				4AC3264425D7DB820023702A /* XCRemoteSwiftPackageReference "Alamofire" */,
				4A77E156260026370015D791 /* XCRemoteSwiftPackageReference "lottie-ios" */,
				4A75732A2608FCC900EAD784 /* XCRemoteSwiftPackageReference "Kingfisher" */,
			);
			productRefGroup = 4A84DA2D25D299A400C57241 /* Products */;
			projectDirPath = "";
			projectRoot = "";
			targets = (
				4A84DA2B25D299A400C57241 /* GBShop */,
				4A84DA4125D299A400C57241 /* GBShopTests */,
				4A84DA4C25D299A400C57241 /* GBShopUITests */,
			);
		};
/* End PBXProject section */

/* Begin PBXResourcesBuildPhase section */
		4A84DA2A25D299A400C57241 /* Resources */ = {
			isa = PBXResourcesBuildPhase;
			buildActionMask = 2147483647;
			files = (
				4A77E136260025D20015D791 /* loginLottie.json in Resources */,
				4A8E875526035F8300024CCF /* loadingCat.json in Resources */,
				4A84DA3C25D299A400C57241 /* LaunchScreen.storyboard in Resources */,
				4A84DA3925D299A400C57241 /* Assets.xcassets in Resources */,
			);
			runOnlyForDeploymentPostprocessing = 0;
		};
		4A84DA4025D299A400C57241 /* Resources */ = {
			isa = PBXResourcesBuildPhase;
			buildActionMask = 2147483647;
			files = (
			);
			runOnlyForDeploymentPostprocessing = 0;
		};
		4A84DA4B25D299A400C57241 /* Resources */ = {
			isa = PBXResourcesBuildPhase;
			buildActionMask = 2147483647;
			files = (
			);
			runOnlyForDeploymentPostprocessing = 0;
		};
/* End PBXResourcesBuildPhase section */

/* Begin PBXShellScriptBuildPhase section */
		4A3CB8E425EE1FAC00FB588A /* ShellScript */ = {
			isa = PBXShellScriptBuildPhase;
			buildActionMask = 2147483647;
			files = (
			);
			inputFileListPaths = (
			);
			inputPaths = (
			);
			outputFileListPaths = (
			);
			outputPaths = (
			);
			runOnlyForDeploymentPostprocessing = 0;
			shellPath = /bin/sh;
			shellScript = "# Type a script or drag a script file from your workspace to insert its path.\nif which swiftlint >/dev/null; then\n  swiftlint\nelse\n  echo \"error: SwiftLint does not exist, download it from https://github.com/realm/SwiftLint\"\n  exit 1\nfi\n";
		};
/* End PBXShellScriptBuildPhase section */

/* Begin PBXSourcesBuildPhase section */
		4A84DA2825D299A400C57241 /* Sources */ = {
			isa = PBXSourcesBuildPhase;
			buildActionMask = 2147483647;
			files = (
				4A5BF27925FAC316002E6FA8 /* AddToBasketResult.swift in Sources */,
				4A77E12A260025590015D791 /* RegisterViewController.swift in Sources */,
				4A77E14D260025EA0015D791 /* StackView + Entension.swift in Sources */,
				4A77E13D260025E00015D791 /* AuthValidators.swift in Sources */,
				4A2E56AA25ECF6AC0055611A /* AddReviewRequestFactory.swift in Sources */,
				4AC3267925D7E5110023702A /* RequestFactory.swift in Sources */,
				4A2E56D325ECFFB50055611A /* ReviewListResult.swift in Sources */,
				4AC3264C25D7DF8C0023702A /* AbstractErrorParser.swift in Sources */,
				4AC3268825D7F62B0023702A /* Registration.swift in Sources */,
				4A77E150260025EA0015D791 /* UIScrollView + Extension.swift in Sources */,
				4A2E56AF25ECF6BF0055611A /* RemoveReviewRequestFactory.swift in Sources */,
				4AC3266425D7E3C60023702A /* LoginResult.swift in Sources */,
				4A77E151260025EA0015D791 /* UIFont + Extensions.swift in Sources */,
				4A2A6FCC25DFAAB30067EAE0 /* CatalogData.swift in Sources */,
				4A7573232608FBDE00EAD784 /* CatalogView.swift in Sources */,
				4AC3268325D7F5B80023702A /* RegistrationResult.swift in Sources */,
				4A5BF26F25FAC309002E6FA8 /* PayBasketResult.swift in Sources */,
				4A75731E2608FBDE00EAD784 /* CatalogPresentationStyle.swift in Sources */,
				4AC326B425D80C700023702A /* LogoutResult.swift in Sources */,
				4A77E152260025EA0015D791 /* UITextField + Extension.swift in Sources */,
				4A77E14B260025EA0015D791 /* UILabel + Extension.swift in Sources */,
				4A5BF26925FAC2E3002E6FA8 /* DeleteFromBasket.swift in Sources */,
				4A2A6FF725DFC93E0067EAE0 /* Product.swift in Sources */,
				4A7573222608FBDE00EAD784 /* CatalogCollectionViewCell.swift in Sources */,
				4AC3265725D7E0240023702A /* DataRequest.swift in Sources */,
				4A7573202608FBDE00EAD784 /* TabledContentCollectionViewDelegate.swift in Sources */,
				4A2A6FDF25DFAB450067EAE0 /* CatalogResult.swift in Sources */,
				4A77E11A2600253A0015D791 /* AuthView.swift in Sources */,
				4A75731F2608FBDE00EAD784 /* DefaultGriddedContentCollectionViewDelegate.swift in Sources */,
				4AC3267E25D7E6560023702A /* AbstractRequestFactory.swift in Sources */,
				4A5BF26725FAC2E3002E6FA8 /* AddToBasket.swift in Sources */,
				4A2E56B425ECF6C50055611A /* RemoveReview.swift in Sources */,
				4AC3265F25D7E34D0023702A /* RequestRouter.swift in Sources */,
				4A77E14C260025EA0015D791 /* UIImageView + Extension.swift in Sources */,
				4A2E56BE25ECF6ED0055611A /* ReviewList.swift in Sources */,
				4A2E56A025ECF66F0055611A /* AddReview.swift in Sources */,
				4A75731C2608FBDE00EAD784 /* CatalogCellModel.swift in Sources */,
				4A77E13E260025E00015D791 /* RegisterErrors.swift in Sources */,
				4A9CAC1D25ECDD0C00E427A8 /* ProductWithDecription.swift in Sources */,
				4A77E122260025510015D791 /* ChangeDataViewController.swift in Sources */,
				4A9CAC1325ECDC4600E427A8 /* ProductRequestFactory.swift in Sources */,
				4AC3266925D7E3D10023702A /* User.swift in Sources */,
				4AC3267425D7E49F0023702A /* Auth.swift in Sources */,
				4A77E14E260025EA0015D791 /* UIViewController + Extension.swift in Sources */,
				4A77E10A260024F80015D791 /* MainTabBarController.swift in Sources */,
				4A9CAC1825ECDC5800E427A8 /* ProductFromCatalog.swift in Sources */,
				4AC326A625D8087E0023702A /* ChangeUserDataRequestFactory.swift in Sources */,
				4AC326D825D820430023702A /* LogoutRequestFactory.swift in Sources */,
				4AC326DD25D8205F0023702A /* Logout.swift in Sources */,
				4A5BF27425FAC310002E6FA8 /* DeleteFromBasketResult.swift in Sources */,
				4A77E129260025590015D791 /* AuthViewController.swift in Sources */,
				4AC326AC25D808AB0023702A /* ChangeUserDataResult.swift in Sources */,
				4A77E11B2600253A0015D791 /* LogoView.swift in Sources */,
				4AC3268D25D7F6520023702A /* RegistrationRequestFactory.swift in Sources */,
				4A77E112260025330015D791 /* ChangeDataView.swift in Sources */,
				4AC3266F25D7E4790023702A /* AuthRequestFactory.swift in Sources */,
				4A5BF26625FAC2E3002E6FA8 /* PayBasketRequestFactory.swift in Sources */,
				4A84DA3025D299A400C57241 /* AppDelegate.swift in Sources */,
				4A2E56B925ECF6E70055611A /* ReviewListRequestFactory.swift in Sources */,
				4A77E11C2600253A0015D791 /* RegisterView.swift in Sources */,
				4A5BF26825FAC2E3002E6FA8 /* AddToBasketRequestFactory.swift in Sources */,
				4A8E875026035F7600024CCF /* LoadingView.swift in Sources */,
				4A2E56CE25ECFE790055611A /* RemoveReviewResult.swift in Sources */,
				4A2A6FD725DFAB010067EAE0 /* CatalogDataRequestFactory.swift in Sources */,
				4A5BF26A25FAC2E3002E6FA8 /* DeleteFromBasketRequestFactory.swift in Sources */,
				4A75731D2608FBDE00EAD784 /* CatalogCellModelFactory.swift in Sources */,
				4A2E56D825ECFFF50055611A /* Review.swift in Sources */,
				4A7573212608FBDE00EAD784 /* DefaultCollectionViewDelegate.swift in Sources */,
				4A84DA3225D299A400C57241 /* SceneDelegate.swift in Sources */,
				4AC3269E25D8085B0023702A /* ChangeUserData.swift in Sources */,
				4AC3265125D7DFEC0023702A /* ErrorParser.swift in Sources */,
				4A77E14F260025EA0015D791 /* UIButton + Extension.swift in Sources */,
				4A2E56C625ECF7720055611A /* AddReviewResult.swift in Sources */,
				4A5BF26525FAC2E3002E6FA8 /* PayBasket.swift in Sources */,
				4A75731B2608FBDE00EAD784 /* CatalogCollectionViewController.swift in Sources */,
				4A77E130260025740015D791 /* AuthService.swift in Sources */,
			);
			runOnlyForDeploymentPostprocessing = 0;
		};
		4A84DA3E25D299A400C57241 /* Sources */ = {
			isa = PBXSourcesBuildPhase;
			buildActionMask = 2147483647;
			files = (
				4A2A6FB725DFA2EA0067EAE0 /* RegistrationTests.swift in Sources */,
				4A2E56E725ED041B0055611A /* ReviewListTests.swift in Sources */,
				4A77E15D260027970015D791 /* AuthValidatorsTests.swift in Sources */,
				4A2A6FF225DFC3CC0067EAE0 /* CatalogDataTests.swift in Sources */,
				4A84DA4725D299A400C57241 /* GBShopTests.swift in Sources */,
				4A5BF27E25FAC350002E6FA8 /* PayBasketTests.swift in Sources */,
				4A2A6FB225DFA2960067EAE0 /* LogoutTests.swift in Sources */,
				4A5BF28625FAC354002E6FA8 /* DeleteFromBasketTests.swift in Sources */,
				4A2A6FC625DFA37B0067EAE0 /* ResponseCodable.swift in Sources */,
				4A2E56E225ED02E50055611A /* RemoveReviewTests.swift in Sources */,
				4A77E1622600279B0015D791 /* AuthServiceTests.swift in Sources */,
				4A2E56DD25ED01590055611A /* AddReviewTests.swift in Sources */,
				4A9CAC2225ECE28D00E427A8 /* ProductFromCatalogTests.swift in Sources */,
				4A2A6FBC25DFA31D0067EAE0 /* RequestFactoryTests.swift in Sources */,
				4A2A6FC125DFA35D0067EAE0 /* ChangeUserDataTests.swift in Sources */,
				4A5BF28E25FAC358002E6FA8 /* AddToBasketTests.swift in Sources */,
				4A2A6FAD25DFA2640067EAE0 /* AuthTests.swift in Sources */,
			);
			runOnlyForDeploymentPostprocessing = 0;
		};
		4A84DA4925D299A400C57241 /* Sources */ = {
			isa = PBXSourcesBuildPhase;
			buildActionMask = 2147483647;
			files = (
				4A84DA5225D299A400C57241 /* GBShopUITests.swift in Sources */,
			);
			runOnlyForDeploymentPostprocessing = 0;
		};
/* End PBXSourcesBuildPhase section */

/* Begin PBXTargetDependency section */
		4A84DA4425D299A400C57241 /* PBXTargetDependency */ = {
			isa = PBXTargetDependency;
			target = 4A84DA2B25D299A400C57241 /* GBShop */;
			targetProxy = 4A84DA4325D299A400C57241 /* PBXContainerItemProxy */;
		};
		4A84DA4F25D299A400C57241 /* PBXTargetDependency */ = {
			isa = PBXTargetDependency;
			target = 4A84DA2B25D299A400C57241 /* GBShop */;
			targetProxy = 4A84DA4E25D299A400C57241 /* PBXContainerItemProxy */;
		};
/* End PBXTargetDependency section */

/* Begin PBXVariantGroup section */
		4A84DA3A25D299A400C57241 /* LaunchScreen.storyboard */ = {
			isa = PBXVariantGroup;
			children = (
				4A84DA3B25D299A400C57241 /* Base */,
			);
			name = LaunchScreen.storyboard;
			sourceTree = "<group>";
		};
/* End PBXVariantGroup section */

/* Begin XCBuildConfiguration section */
		4A84DA5425D299A400C57241 /* Debug */ = {
			isa = XCBuildConfiguration;
			buildSettings = {
				ALWAYS_SEARCH_USER_PATHS = NO;
				CLANG_ANALYZER_NONNULL = YES;
				CLANG_ANALYZER_NUMBER_OBJECT_CONVERSION = YES_AGGRESSIVE;
				CLANG_CXX_LANGUAGE_STANDARD = "gnu++14";
				CLANG_CXX_LIBRARY = "libc++";
				CLANG_ENABLE_MODULES = YES;
				CLANG_ENABLE_OBJC_ARC = YES;
				CLANG_ENABLE_OBJC_WEAK = YES;
				CLANG_WARN_BLOCK_CAPTURE_AUTORELEASING = YES;
				CLANG_WARN_BOOL_CONVERSION = YES;
				CLANG_WARN_COMMA = YES;
				CLANG_WARN_CONSTANT_CONVERSION = YES;
				CLANG_WARN_DEPRECATED_OBJC_IMPLEMENTATIONS = YES;
				CLANG_WARN_DIRECT_OBJC_ISA_USAGE = YES_ERROR;
				CLANG_WARN_DOCUMENTATION_COMMENTS = YES;
				CLANG_WARN_EMPTY_BODY = YES;
				CLANG_WARN_ENUM_CONVERSION = YES;
				CLANG_WARN_INFINITE_RECURSION = YES;
				CLANG_WARN_INT_CONVERSION = YES;
				CLANG_WARN_NON_LITERAL_NULL_CONVERSION = YES;
				CLANG_WARN_OBJC_IMPLICIT_RETAIN_SELF = YES;
				CLANG_WARN_OBJC_LITERAL_CONVERSION = YES;
				CLANG_WARN_OBJC_ROOT_CLASS = YES_ERROR;
				CLANG_WARN_QUOTED_INCLUDE_IN_FRAMEWORK_HEADER = YES;
				CLANG_WARN_RANGE_LOOP_ANALYSIS = YES;
				CLANG_WARN_STRICT_PROTOTYPES = YES;
				CLANG_WARN_SUSPICIOUS_MOVE = YES;
				CLANG_WARN_UNGUARDED_AVAILABILITY = YES_AGGRESSIVE;
				CLANG_WARN_UNREACHABLE_CODE = YES;
				CLANG_WARN__DUPLICATE_METHOD_MATCH = YES;
				COPY_PHASE_STRIP = NO;
				DEBUG_INFORMATION_FORMAT = dwarf;
				ENABLE_STRICT_OBJC_MSGSEND = YES;
				ENABLE_TESTABILITY = YES;
				GCC_C_LANGUAGE_STANDARD = gnu11;
				GCC_DYNAMIC_NO_PIC = NO;
				GCC_NO_COMMON_BLOCKS = YES;
				GCC_OPTIMIZATION_LEVEL = 0;
				GCC_PREPROCESSOR_DEFINITIONS = (
					"DEBUG=1",
					"$(inherited)",
				);
				GCC_WARN_64_TO_32_BIT_CONVERSION = YES;
				GCC_WARN_ABOUT_RETURN_TYPE = YES_ERROR;
				GCC_WARN_UNDECLARED_SELECTOR = YES;
				GCC_WARN_UNINITIALIZED_AUTOS = YES_AGGRESSIVE;
				GCC_WARN_UNUSED_FUNCTION = YES;
				GCC_WARN_UNUSED_VARIABLE = YES;
				IPHONEOS_DEPLOYMENT_TARGET = 14.4;
				MTL_ENABLE_DEBUG_INFO = INCLUDE_SOURCE;
				MTL_FAST_MATH = YES;
				ONLY_ACTIVE_ARCH = YES;
				SDKROOT = iphoneos;
				SWIFT_ACTIVE_COMPILATION_CONDITIONS = DEBUG;
				SWIFT_OPTIMIZATION_LEVEL = "-Onone";
			};
			name = Debug;
		};
		4A84DA5525D299A400C57241 /* Release */ = {
			isa = XCBuildConfiguration;
			buildSettings = {
				ALWAYS_SEARCH_USER_PATHS = NO;
				CLANG_ANALYZER_NONNULL = YES;
				CLANG_ANALYZER_NUMBER_OBJECT_CONVERSION = YES_AGGRESSIVE;
				CLANG_CXX_LANGUAGE_STANDARD = "gnu++14";
				CLANG_CXX_LIBRARY = "libc++";
				CLANG_ENABLE_MODULES = YES;
				CLANG_ENABLE_OBJC_ARC = YES;
				CLANG_ENABLE_OBJC_WEAK = YES;
				CLANG_WARN_BLOCK_CAPTURE_AUTORELEASING = YES;
				CLANG_WARN_BOOL_CONVERSION = YES;
				CLANG_WARN_COMMA = YES;
				CLANG_WARN_CONSTANT_CONVERSION = YES;
				CLANG_WARN_DEPRECATED_OBJC_IMPLEMENTATIONS = YES;
				CLANG_WARN_DIRECT_OBJC_ISA_USAGE = YES_ERROR;
				CLANG_WARN_DOCUMENTATION_COMMENTS = YES;
				CLANG_WARN_EMPTY_BODY = YES;
				CLANG_WARN_ENUM_CONVERSION = YES;
				CLANG_WARN_INFINITE_RECURSION = YES;
				CLANG_WARN_INT_CONVERSION = YES;
				CLANG_WARN_NON_LITERAL_NULL_CONVERSION = YES;
				CLANG_WARN_OBJC_IMPLICIT_RETAIN_SELF = YES;
				CLANG_WARN_OBJC_LITERAL_CONVERSION = YES;
				CLANG_WARN_OBJC_ROOT_CLASS = YES_ERROR;
				CLANG_WARN_QUOTED_INCLUDE_IN_FRAMEWORK_HEADER = YES;
				CLANG_WARN_RANGE_LOOP_ANALYSIS = YES;
				CLANG_WARN_STRICT_PROTOTYPES = YES;
				CLANG_WARN_SUSPICIOUS_MOVE = YES;
				CLANG_WARN_UNGUARDED_AVAILABILITY = YES_AGGRESSIVE;
				CLANG_WARN_UNREACHABLE_CODE = YES;
				CLANG_WARN__DUPLICATE_METHOD_MATCH = YES;
				COPY_PHASE_STRIP = NO;
				DEBUG_INFORMATION_FORMAT = "dwarf-with-dsym";
				ENABLE_NS_ASSERTIONS = NO;
				ENABLE_STRICT_OBJC_MSGSEND = YES;
				GCC_C_LANGUAGE_STANDARD = gnu11;
				GCC_NO_COMMON_BLOCKS = YES;
				GCC_WARN_64_TO_32_BIT_CONVERSION = YES;
				GCC_WARN_ABOUT_RETURN_TYPE = YES_ERROR;
				GCC_WARN_UNDECLARED_SELECTOR = YES;
				GCC_WARN_UNINITIALIZED_AUTOS = YES_AGGRESSIVE;
				GCC_WARN_UNUSED_FUNCTION = YES;
				GCC_WARN_UNUSED_VARIABLE = YES;
				IPHONEOS_DEPLOYMENT_TARGET = 14.4;
				MTL_ENABLE_DEBUG_INFO = NO;
				MTL_FAST_MATH = YES;
				SDKROOT = iphoneos;
				SWIFT_COMPILATION_MODE = wholemodule;
				SWIFT_OPTIMIZATION_LEVEL = "-O";
				VALIDATE_PRODUCT = YES;
			};
			name = Release;
		};
		4A84DA5725D299A400C57241 /* Debug */ = {
			isa = XCBuildConfiguration;
			buildSettings = {
				ASSETCATALOG_COMPILER_APPICON_NAME = AppIcon;
				ASSETCATALOG_COMPILER_GLOBAL_ACCENT_COLOR_NAME = AccentColor;
				CODE_SIGN_STYLE = Automatic;
				DEVELOPMENT_TEAM = C23RGTGY52;
				INFOPLIST_FILE = GBShop/Environments/Info.plist;
				LD_RUNPATH_SEARCH_PATHS = (
					"$(inherited)",
					"@executable_path/Frameworks",
				);
				PRODUCT_BUNDLE_IDENTIFIER = "com.Alexander-Ipatov.GBShop";
				PRODUCT_NAME = "$(TARGET_NAME)";
				SWIFT_VERSION = 5.0;
				TARGETED_DEVICE_FAMILY = "1,2";
			};
			name = Debug;
		};
		4A84DA5825D299A400C57241 /* Release */ = {
			isa = XCBuildConfiguration;
			buildSettings = {
				ASSETCATALOG_COMPILER_APPICON_NAME = AppIcon;
				ASSETCATALOG_COMPILER_GLOBAL_ACCENT_COLOR_NAME = AccentColor;
				CODE_SIGN_STYLE = Automatic;
				DEVELOPMENT_TEAM = C23RGTGY52;
				INFOPLIST_FILE = GBShop/Environments/Info.plist;
				LD_RUNPATH_SEARCH_PATHS = (
					"$(inherited)",
					"@executable_path/Frameworks",
				);
				PRODUCT_BUNDLE_IDENTIFIER = "com.Alexander-Ipatov.GBShop";
				PRODUCT_NAME = "$(TARGET_NAME)";
				SWIFT_VERSION = 5.0;
				TARGETED_DEVICE_FAMILY = "1,2";
			};
			name = Release;
		};
		4A84DA5A25D299A400C57241 /* Debug */ = {
			isa = XCBuildConfiguration;
			buildSettings = {
				ALWAYS_EMBED_SWIFT_STANDARD_LIBRARIES = YES;
				BUNDLE_LOADER = "$(TEST_HOST)";
				CODE_SIGN_STYLE = Automatic;
				DEVELOPMENT_TEAM = C23RGTGY52;
				INFOPLIST_FILE = GBShopTests/Info.plist;
				IPHONEOS_DEPLOYMENT_TARGET = 14.4;
				LD_RUNPATH_SEARCH_PATHS = (
					"$(inherited)",
					"@executable_path/Frameworks",
					"@loader_path/Frameworks",
				);
				PRODUCT_BUNDLE_IDENTIFIER = "com.Alexander-Ipatov.GBShopTests";
				PRODUCT_NAME = "$(TARGET_NAME)";
				SWIFT_VERSION = 5.0;
				TARGETED_DEVICE_FAMILY = "1,2";
				TEST_HOST = "$(BUILT_PRODUCTS_DIR)/GBShop.app/GBShop";
			};
			name = Debug;
		};
		4A84DA5B25D299A400C57241 /* Release */ = {
			isa = XCBuildConfiguration;
			buildSettings = {
				ALWAYS_EMBED_SWIFT_STANDARD_LIBRARIES = YES;
				BUNDLE_LOADER = "$(TEST_HOST)";
				CODE_SIGN_STYLE = Automatic;
				DEVELOPMENT_TEAM = C23RGTGY52;
				INFOPLIST_FILE = GBShopTests/Info.plist;
				IPHONEOS_DEPLOYMENT_TARGET = 14.4;
				LD_RUNPATH_SEARCH_PATHS = (
					"$(inherited)",
					"@executable_path/Frameworks",
					"@loader_path/Frameworks",
				);
				PRODUCT_BUNDLE_IDENTIFIER = "com.Alexander-Ipatov.GBShopTests";
				PRODUCT_NAME = "$(TARGET_NAME)";
				SWIFT_VERSION = 5.0;
				TARGETED_DEVICE_FAMILY = "1,2";
				TEST_HOST = "$(BUILT_PRODUCTS_DIR)/GBShop.app/GBShop";
			};
			name = Release;
		};
		4A84DA5D25D299A400C57241 /* Debug */ = {
			isa = XCBuildConfiguration;
			buildSettings = {
				ALWAYS_EMBED_SWIFT_STANDARD_LIBRARIES = YES;
				CODE_SIGN_STYLE = Automatic;
				DEVELOPMENT_TEAM = C23RGTGY52;
				INFOPLIST_FILE = GBShopUITests/Info.plist;
				LD_RUNPATH_SEARCH_PATHS = (
					"$(inherited)",
					"@executable_path/Frameworks",
					"@loader_path/Frameworks",
				);
				PRODUCT_BUNDLE_IDENTIFIER = "com.Alexander-Ipatov.GBShopUITests";
				PRODUCT_NAME = "$(TARGET_NAME)";
				SWIFT_VERSION = 5.0;
				TARGETED_DEVICE_FAMILY = "1,2";
				TEST_TARGET_NAME = GBShop;
			};
			name = Debug;
		};
		4A84DA5E25D299A400C57241 /* Release */ = {
			isa = XCBuildConfiguration;
			buildSettings = {
				ALWAYS_EMBED_SWIFT_STANDARD_LIBRARIES = YES;
				CODE_SIGN_STYLE = Automatic;
				DEVELOPMENT_TEAM = C23RGTGY52;
				INFOPLIST_FILE = GBShopUITests/Info.plist;
				LD_RUNPATH_SEARCH_PATHS = (
					"$(inherited)",
					"@executable_path/Frameworks",
					"@loader_path/Frameworks",
				);
				PRODUCT_BUNDLE_IDENTIFIER = "com.Alexander-Ipatov.GBShopUITests";
				PRODUCT_NAME = "$(TARGET_NAME)";
				SWIFT_VERSION = 5.0;
				TARGETED_DEVICE_FAMILY = "1,2";
				TEST_TARGET_NAME = GBShop;
			};
			name = Release;
		};
/* End XCBuildConfiguration section */

/* Begin XCConfigurationList section */
		4A84DA2725D299A400C57241 /* Build configuration list for PBXProject "GBShop" */ = {
			isa = XCConfigurationList;
			buildConfigurations = (
				4A84DA5425D299A400C57241 /* Debug */,
				4A84DA5525D299A400C57241 /* Release */,
			);
			defaultConfigurationIsVisible = 0;
			defaultConfigurationName = Release;
		};
		4A84DA5625D299A400C57241 /* Build configuration list for PBXNativeTarget "GBShop" */ = {
			isa = XCConfigurationList;
			buildConfigurations = (
				4A84DA5725D299A400C57241 /* Debug */,
				4A84DA5825D299A400C57241 /* Release */,
			);
			defaultConfigurationIsVisible = 0;
			defaultConfigurationName = Release;
		};
		4A84DA5925D299A400C57241 /* Build configuration list for PBXNativeTarget "GBShopTests" */ = {
			isa = XCConfigurationList;
			buildConfigurations = (
				4A84DA5A25D299A400C57241 /* Debug */,
				4A84DA5B25D299A400C57241 /* Release */,
			);
			defaultConfigurationIsVisible = 0;
			defaultConfigurationName = Release;
		};
		4A84DA5C25D299A400C57241 /* Build configuration list for PBXNativeTarget "GBShopUITests" */ = {
			isa = XCConfigurationList;
			buildConfigurations = (
				4A84DA5D25D299A400C57241 /* Debug */,
				4A84DA5E25D299A400C57241 /* Release */,
			);
			defaultConfigurationIsVisible = 0;
			defaultConfigurationName = Release;
		};
/* End XCConfigurationList section */

/* Begin XCRemoteSwiftPackageReference section */
		4A75732A2608FCC900EAD784 /* XCRemoteSwiftPackageReference "Kingfisher" */ = {
			isa = XCRemoteSwiftPackageReference;
			repositoryURL = "https://github.com/onevcat/Kingfisher.git";
			requirement = {
				kind = upToNextMajorVersion;
				minimumVersion = 6.2.1;
			};
		};
		4A77E156260026370015D791 /* XCRemoteSwiftPackageReference "lottie-ios" */ = {
			isa = XCRemoteSwiftPackageReference;
			repositoryURL = "https://github.com/airbnb/lottie-ios.git";
			requirement = {
				kind = upToNextMajorVersion;
				minimumVersion = 3.2.1;
			};
		};
		4AC3264425D7DB820023702A /* XCRemoteSwiftPackageReference "Alamofire" */ = {
			isa = XCRemoteSwiftPackageReference;
			repositoryURL = "https://github.com/Alamofire/Alamofire.git";
			requirement = {
				kind = upToNextMajorVersion;
				minimumVersion = 5.4.1;
			};
		};
/* End XCRemoteSwiftPackageReference section */

/* Begin XCSwiftPackageProductDependency section */
		4A75732B2608FCC900EAD784 /* Kingfisher */ = {
			isa = XCSwiftPackageProductDependency;
			package = 4A75732A2608FCC900EAD784 /* XCRemoteSwiftPackageReference "Kingfisher" */;
			productName = Kingfisher;
		};
		4A77E157260026370015D791 /* Lottie */ = {
			isa = XCSwiftPackageProductDependency;
			package = 4A77E156260026370015D791 /* XCRemoteSwiftPackageReference "lottie-ios" */;
			productName = Lottie;
		};
		4AC3264525D7DB820023702A /* Alamofire */ = {
			isa = XCSwiftPackageProductDependency;
			package = 4AC3264425D7DB820023702A /* XCRemoteSwiftPackageReference "Alamofire" */;
			productName = Alamofire;
		};
/* End XCSwiftPackageProductDependency section */
	};
	rootObject = 4A84DA2425D299A400C57241 /* Project object */;
}
